{
  "inputs": {
    "pkgs": {
      "url": "github:NixOS/nixpkgs/nixos-unstable",
      "rev": "643809054d65fdd466a63e3155b8c498cb483c04",
      "narHash": "sha256-vUfIeBEfpbAfZ5zjgIkYk7eHBeVfCYVjLbWnMkseYnk=",
      "lastModified": 1785692966
    }
  },
  "fetches": {
    "builder:package3:3-de5ae0764721": {
      "snapshotNarHash": "sha256-0UThvehGmRwp33q84MI46oZv0gZMGeQ3T9xaObyPlKw=",
      "paths": {
        "output/html": "sha256-MpzM2ycWZ2TKJhawLeLu6k+8pnBKb02daPmJdc9Fi/k="
      }
    }
  },
  "memo": {
    "1dd003039a9dece3e948cfb62cca8e4beb77d8b47bac05c8bf633be44c358883": {
      "paths": {
        "output/html": {
          "narHash": "sha256-MpzM2ycWZ2TKJhawLeLu6k+8pnBKb02daPmJdc9Fi/k=",
          "storePath": "/nix/store/vd1lv7dlk3a640m6mgfad1c34j4bkxjq-cix-build-consumed"
        }
      }
    },
    "6704d9d7ab2785385384f1bc6b6a21d6316bd860ae006b12092ed8a237918646": {
      "paths": {
        "output/html": {
          "narHash": "sha256-MpzM2ycWZ2TKJhawLeLu6k+8pnBKb02daPmJdc9Fi/k=",
          "storePath": "/nix/store/vd1lv7dlk3a640m6mgfad1c34j4bkxjq-cix-build-consumed"
        }
      }
    },
    "e3eb9274d9b17ea1f4cb120446da74182546983454cb3ab44599e67ae2c5e4fb": {
      "paths": {
        "output/html": {
          "narHash": "sha256-MpzM2ycWZ2TKJhawLeLu6k+8pnBKb02daPmJdc9Fi/k=",
          "storePath": "/nix/store/vd1lv7dlk3a640m6mgfad1c34j4bkxjq-cix-build-consumed"
        }
      }
    }
  },
  "stepMemo": {
    "builder:package3:3": {
      "key": "81a60f89b69f3a7c7f8a49249a7b9e5c3a3dd77380cb85ce23a7a9ace5c4de6c",
      "reads": {
        ".": {
          "kind": "directory-exists"
        },
        ".config/curlrc": {
          "kind": "absent"
        },
        ".curlrc": {
          "kind": "absent"
        },
        "gnupg/S.dirmngr": {
          "kind": "absent"
        },
        "gnupg/S.keyboxd": {
          "kind": "absent"
        },
        "gnupg/common.conf": {
          "kind": "absent"
        },
        "gnupg/gpg-agent.conf": {
          "kind": "absent"
        },
        "gnupg/gpg.conf": {
          "kind": "absent"
        },
        "gnupg/gpg.conf-2": {
          "kind": "absent"
        },
        "gnupg/gpg.conf-2.4": {
          "kind": "absent"
        },
        "gnupg/gpg.conf-2.4.9": {
          "kind": "absent"
        },
        "gnupg/private-keys-v1.d/B87534322773D399831DB29679D433C13A60BB99.key": {
          "kind": "absent"
        },
        "gnupg/pubring.gpg": {
          "kind": "absent"
        },
        "gnupg/pubring.kbx": {
          "kind": "absent"
        },
        "gnupg/random_seed": {
          "kind": "absent"
        },
        "gnupg/scdaemon.conf": {
          "kind": "absent"
        },
        "gnupg/secring.gpg": {
          "kind": "absent"
        }
      },
      "outputSnapshot": "/nix/store/1acd75n3i6q1m3k2j8x9k05li223v954-cix-step-output",
      "changes": {
        "phpMyAdmin.tar.xz": {
          "kind": "present"
        },
        "phpMyAdmin.tar.xz.asc": {
          "kind": "present"
        }
      },
      "outputHashes": {
        "phpMyAdmin.tar.xz": {
          "content": "14f0e7e89274aed820bab31dbcaa3db1d217198be6d644eafee0976edf786ea5"
        },
        "phpMyAdmin.tar.xz.asc": {
          "content": "a31d6854c91e57163c8a1f57704d386e1a27b38bb8e0b10b5d52f4c0beb92aaa"
        }
      }
    },
    "builder:package3:4": {
      "key": "42aee9e2f0fa8e128c2a87b73717f4bf2b852cdeb27a99ea7e0fcfc5fa7bf6f2",
      "reads": {
        ".": {
          "kind": "directory-exists"
        }
      }
    },
    "builder:package3:5": {
      "key": "9b84ad17a290d8ff898823355ac4cd6289521cff1960f2d7ffa65d3615350702",
      "reads": {
        ".": {
          "kind": "directory-exists"
        },
        "output/html/doc/html/_sources": {
          "kind": "absent"
        },
        "output/html/examples": {
          "kind": "absent"
        },
        "output/html/js/src": {
          "kind": "absent"
        },
        "output/html/js/src/codemirror": {
          "kind": "absent"
        },
        "output/html/js/src/codemirror/addon": {
          "kind": "absent"
        },
        "output/html/js/src/codemirror/addon/lint": {
          "kind": "absent"
        },
        "output/html/js/src/database": {
          "kind": "absent"
        },
        "output/html/js/src/designer": {
          "kind": "absent"
        },
        "output/html/js/src/jqplot": {
          "kind": "absent"
        },
        "output/html/js/src/jqplot/plugins": {
          "kind": "absent"
        },
        "output/html/js/src/server": {
          "kind": "absent"
        },
        "output/html/js/src/server/status": {
          "kind": "absent"
        },
        "output/html/js/src/setup": {
          "kind": "absent"
        },
        "output/html/js/src/table": {
          "kind": "absent"
        },
        "output/html/js/src/transformations": {
          "kind": "absent"
        },
        "output/html/libraries/vendor_config.php": {
          "kind": "absent"
        },
        "output/html/setup": {
          "kind": "absent"
        },
        "output/html/setup/lib": {
          "kind": "absent"
        },
        "output/html/setup/scss": {
          "kind": "absent"
        },
        "output/html/setup/themes": {
          "kind": "absent"
        },
        "phpMyAdmin.tar.xz": {
          "kind": "file",
          "hash": "441900127f632cabf89e488c19fe659114d31f58765425eddcd9f537ea9e184e",
          "fingerprint": {
            "dev": 2307,
            "inode": 23349890,
            "mtimeNs": 588317462,
            "size": 7748924,
            "len": 7748924,
            "mode": 33188
          }
        }
      },
      "changes": {
        "output": {
          "kind": "subtree",
          "mode": 16877
        }
      }
    }
  },
  "devEnvs": {
    "0c893f7880636a08462d076382173a67170e69179867c354685cdb0c8d583b1d:b6184d1a21cda19d783af8fca7bf58e55d74f8d85d03cab1dc390ea465adcad4": {
      "environment": {
        "SYSTEM_CERTIFICATE_PATH": "/nix/store/k7bij71h4wsgl7g18pbsdzxfnmanhnq2-nss-cacert-3.126/etc/ssl/certs/ca-bundle.crt",
        "XDG_DATA_DIRS": "/nix/store/bwry105g7v5jspr41bx9x3fcfqsmfkq2-bash-interactive-5.3p15/share:/nix/store/d0a0g5q9spi04dpz89n4wqnzv8synh73-curl-8.21.0-dev/share:/nix/store/m0nph6b8w876i1y5gpprmghi76fd06kk-brotli-1.2.0/share:/nix/store/qiwg67zp9w898zwr57g2lnhmhk0bifxa-krb5-1.22.2-lib/share:/nix/store/174ld31gjiv9k1gy4hnpjidrffwcwi6l-krb5-1.22.2/share:/nix/store/j30jxkm8hx4p7q3vpk946ljfc0rw43z4-nghttp2-1.69.0/share:/nix/store/alpmn3xfcx3ks489ryi261ws2m1ijlza-libidn2-2.3.8-bin/share:/nix/store/7svf4fa139ajvhfaxry3smvlbhrnraq1-libidn2-2.3.8/share:/nix/store/n1axb0xwihqfzijxmcna23rnw8h9c8s3-publicsuffix-list-0-unstable-2026-06-24/share:/nix/store/z5kci0gxs7yw3b6h341r10jsmkmvz2wq-libpsl-0.21.5/share:/nix/store/h4si9iyvqy1aaqy4piqw0pj2c6snmz69-zlib-1.3.2-dev/share:/nix/store/fkcbg2c1w29jr5yp9awai9w3v1wvxdk9-zlib-1.3.2/share:/nix/store/9nizcmvz2699nkrbzxx8xsp5d8jp686w-zstd-1.5.7/share:/nix/store/fcqbwp5hx5wh3lzf0457wmf0divknz7y-findutils-4.11.0/share:/nix/store/fbwf5j9xqszqrfi7hdm2x40n80j6m1r4-gnupg-2.4.9/share:/nix/store/7mfsmbhsd3arnypipwm251rcd0b45riy-gnused-4.10/share:/nix/store/3cp4kw4376flmhlxxi4w2jkancv3irp8-gnutar-1.35/share:/nix/store/bybssc25s0zbp9iz0b0k9cb3ysgcjpyj-xz-5.8.3/share:/nix/store/pzvcwi6y0vfmfpni6b52jwy9x6sj1yv1-patchelf-0.15.2/share"
      }
    }
  },
  "builderDevEnvs": {
    "package3": "0c893f7880636a08462d076382173a67170e69179867c354685cdb0c8d583b1d:b6184d1a21cda19d783af8fca7bf58e55d74f8d85d03cab1dc390ea465adcad4"
  },
  "evalPlan": {
    "version": 1,
    "cixfileHash": "6b9381ef8fe04d41411be39769740b3fdb2370e045f091a93390de4362c8b296",
    "skeleton": "v2:/usr/bin/env->/bin/env;x86_64:/lib64/ld-linux-x86-64.so.2->/lib/cix-loaders/ld-linux-x86-64.so.2,/lib/ld-musl-x86_64.so.1->/lib/cix-loaders/ld-musl-x86_64.so.1",
    "inputs": {
      "pkgs": {
        "url": "github:NixOS/nixpkgs/nixos-unstable",
        "kind": "package-universe",
        "overlays": []
      }
    },
    "topLevelFetchCount": 0,
    "builders": {
      "package3": {
        "imports": [
          [
            {
              "kind": "package",
              "namespace": "pkgs",
              "attrpath": "bash"
            }
          ],
          [
            {
              "kind": "package",
              "namespace": "pkgs",
              "attrpath": "cacert"
            }
          ],
          [
            {
              "kind": "package",
              "namespace": "pkgs",
              "attrpath": "coreutils"
            }
          ],
          [
            {
              "kind": "package",
              "namespace": "pkgs",
              "attrpath": "curl"
            }
          ],
          [
            {
              "kind": "package",
              "namespace": "pkgs",
              "attrpath": "findutils"
            }
          ],
          [
            {
              "kind": "package",
              "namespace": "pkgs",
              "attrpath": "gnupg"
            }
          ],
          [
            {
              "kind": "package",
              "namespace": "pkgs",
              "attrpath": "gnused"
            }
          ],
          [
            {
              "kind": "package",
              "namespace": "pkgs",
              "attrpath": "gnutar"
            }
          ],
          [
            {
              "kind": "package",
              "namespace": "pkgs",
              "attrpath": "xz"
            }
          ]
        ],
        "environment": {
          "SYSTEM_CERTIFICATE_PATH": "/nix/store/k7bij71h4wsgl7g18pbsdzxfnmanhnq2-nss-cacert-3.126/etc/ssl/certs/ca-bundle.crt",
          "XDG_DATA_DIRS": "/nix/store/bwry105g7v5jspr41bx9x3fcfqsmfkq2-bash-interactive-5.3p15/share:/nix/store/d0a0g5q9spi04dpz89n4wqnzv8synh73-curl-8.21.0-dev/share:/nix/store/m0nph6b8w876i1y5gpprmghi76fd06kk-brotli-1.2.0/share:/nix/store/qiwg67zp9w898zwr57g2lnhmhk0bifxa-krb5-1.22.2-lib/share:/nix/store/174ld31gjiv9k1gy4hnpjidrffwcwi6l-krb5-1.22.2/share:/nix/store/j30jxkm8hx4p7q3vpk946ljfc0rw43z4-nghttp2-1.69.0/share:/nix/store/alpmn3xfcx3ks489ryi261ws2m1ijlza-libidn2-2.3.8-bin/share:/nix/store/7svf4fa139ajvhfaxry3smvlbhrnraq1-libidn2-2.3.8/share:/nix/store/n1axb0xwihqfzijxmcna23rnw8h9c8s3-publicsuffix-list-0-unstable-2026-06-24/share:/nix/store/z5kci0gxs7yw3b6h341r10jsmkmvz2wq-libpsl-0.21.5/share:/nix/store/h4si9iyvqy1aaqy4piqw0pj2c6snmz69-zlib-1.3.2-dev/share:/nix/store/fkcbg2c1w29jr5yp9awai9w3v1wvxdk9-zlib-1.3.2/share:/nix/store/9nizcmvz2699nkrbzxx8xsp5d8jp686w-zstd-1.5.7/share:/nix/store/fcqbwp5hx5wh3lzf0457wmf0divknz7y-findutils-4.11.0/share:/nix/store/fbwf5j9xqszqrfi7hdm2x40n80j6m1r4-gnupg-2.4.9/share:/nix/store/7mfsmbhsd3arnypipwm251rcd0b45riy-gnused-4.10/share:/nix/store/3cp4kw4376flmhlxxi4w2jkancv3irp8-gnutar-1.35/share:/nix/store/bybssc25s0zbp9iz0b0k9cb3ysgcjpyj-xz-5.8.3/share:/nix/store/pzvcwi6y0vfmfpni6b52jwy9x6sj1yv1-patchelf-0.15.2/share"
        },
        "steps": [
          {
            "kind": "env",
            "name": "VERSION",
            "value": [
              {
                "kind": "literal",
                "value": "5.2.3"
              }
            ],
            "line": 5
          },
          {
            "kind": "env",
            "name": "SHA256",
            "value": [
              {
                "kind": "literal",
                "value": "57881348297c4412f86c410547cf76b4d8a236574dd2c6b7d6a2beebe7fc44e3"
              }
            ],
            "line": 6
          },
          {
            "kind": "env",
            "name": "URL",
            "value": [
              {
                "kind": "literal",
                "value": "https://files.phpmyadmin.net/phpMyAdmin/$VERSION/phpMyAdmin-$VERSION-all-languages.tar.xz"
              }
            ],
            "line": 7
          },
          {
            "kind": "fetch",
            "command": [
              {
                "kind": "literal",
                "value": "bash -c 'set -eu; export GNUPGHOME=\"$PWD/gnupg\"; mkdir -m 700 \"$GNUPGHOME\"; curl --fail --location --output phpMyAdmin.tar.xz \"$URL\"; curl --fail --location --output phpMyAdmin.tar.xz.asc \"$URL.asc\"; echo \"$SHA256 *phpMyAdmin.tar.xz\" | sha256sum -c -; curl --fail --location https://keys.openpgp.org/vks/v1/by-fingerprint/3D06A59ECE730EB71B511C17CE752F178259BD92 | gpg --batch --import; gpg --batch --verify phpMyAdmin.tar.xz.asc phpMyAdmin.tar.xz; gpgconf --kill all; rm -rf \"$GNUPGHOME\"'"
              }
            ],
            "line": 8,
            "snapshotNarHash": "sha256-0UThvehGmRwp33q84MI46oZv0gZMGeQ3T9xaObyPlKw="
          },
          {
            "kind": "run",
            "command": [
              {
                "kind": "literal",
                "value": "mkdir -p output"
              }
            ],
            "line": 9
          },
          {
            "kind": "run",
            "command": [
              {
                "kind": "literal",
                "value": "tar -xf phpMyAdmin.tar.xz\nchmod -R u+w output || true\nrm -rf output/html\nmv phpMyAdmin-$VERSION-all-languages output/html\nmkdir -p output/html/tmp\nrm -rf output/html/setup output/html/examples output/html/js/src output/html/babel.config.json output/html/doc/html/_sources output/html/RELEASE-DATE-$VERSION output/html/CONTRIBUTING.md\nrm -f output/html/libraries/vendor_config.php.new\nsed \"s@'configFile' => .*@'configFile' => '/etc/phpmyadmin/config.inc.php',@\" output/html/libraries/vendor_config.php > output/html/libraries/vendor_config.php.new\nmv output/html/libraries/vendor_config.php.new output/html/libraries/vendor_config.php\nfind output/html -type d -exec chmod 555 {} \\;\nfind output/html -type f -exec chmod 444 {} \\;\nchmod 1777 output/html/tmp\n"
              }
            ],
            "line": 10
          }
        ]
      }
    },
    "artifacts": {
      "phpmyadmin": {
        "kind": "service",
        "imports": [
          [
            {
              "kind": "package",
              "namespace": "pkgs",
              "attrpath": "bash"
            }
          ],
          [
            {
              "kind": "package",
              "namespace": "pkgs",
              "attrpath": "coreutils"
            }
          ],
          [
            {
              "kind": "package",
              "namespace": "pkgs",
              "attrpath": "php"
            }
          ]
        ],
        "copies": [
          {
            "src": [
              {
                "kind": "binder",
                "name": "package3"
              },
              {
                "kind": "literal",
                "value": "/output/html"
              }
            ],
            "dst": "var/www/html",
            "mode": "link-normalized",
            "line": 27
          },
          {
            "src": [
              {
                "kind": "literal",
                "value": "context/config.inc.php"
              }
            ],
            "dst": "share/phpmyadmin-config.inc.php",
            "mode": "materialize",
            "line": 28
          },
          {
            "src": [
              {
                "kind": "literal",
                "value": "context/helpers.php"
              }
            ],
            "dst": "share/phpmyadmin-helpers.php",
            "mode": "materialize",
            "line": 29
          },
          {
            "src": [
              {
                "kind": "literal",
                "value": "start-pre.sh"
              }
            ],
            "dst": "bin/phpmyadmin-start-pre",
            "mode": "materialize",
            "line": 30
          }
        ],
        "assembly": []
      }
    }
  },
  "outputs": {
    "phpmyadmin": {
      "sourceHash": "3a3cfdfff50bccbe168d4cc9a508ac8280b3984635a44e624d2fec88e11a109e",
      "storePath": "/nix/store/zwl9b7v9slrqyli8z26nj2lln2r5f7ls-cix-item-phpmyadmin"
    }
  }
}
