{
  "inputs": {
    "pkgs": {
      "url": "github:NixOS/nixpkgs/nixos-unstable",
      "rev": "148bab9c1c3c53136ecb44a6ea356a0ed5b39b06",
      "narHash": "sha256-KoTsyMQqnXQZq8deCEnu4QkyldkwH/bpMMhUcfMdGIw=",
      "lastModified": 1785571196
    }
  },
  "outputs": {
    "redis": {
      "sourceHash": "1e29e2b77b5eeb80001e65ebb8b5050586d7f0354d689e78bbeba84491d8eaeb",
      "storePath": "/nix/store/94pyzpkfryrjbxm92mrp8qa2h3dbhdsa-cix-item-redis"
    }
  }
}
