{
  "inputs": {
    "pkgs": {
      "url": "github:NixOS/nixpkgs/nixos-unstable",
      "rev": "e72e4f299401a3689d4b3d5fc6496b11db7064eb",
      "narHash": "sha256-8fsyqeO+mJqvIzeO4xIpgJe/f7MTbbVTEC6RT6WSXNs=",
      "lastModified": 1785828668
    }
  },
  "outputs": {
    "ntfy": {
      "sourceHash": "4316fb10768971ea63b663694108010fcc2464789ff8160e5d48d2b2b059b455",
      "storePath": "/nix/store/isl3wgxj0i559h3ja5p0sj3j4k0m01vv-cix-item-ntfy"
    }
  }
}
