{
  "inputs": {
    "pkgs": {
      "url": "github:NixOS/nixpkgs/nixos-unstable",
      "rev": "e72e4f299401a3689d4b3d5fc6496b11db7064eb",
      "narHash": "sha256-8fsyqeO+mJqvIzeO4xIpgJe/f7MTbbVTEC6RT6WSXNs=",
      "lastModified": 1785828668
    }
  },
  "outputs": {
    "broker": {
      "sourceHash": "ff40845ef640578904954cdb5b235cf97f8adcde4e0ba6cf13b46ca0cc1b844f",
      "storePath": "/nix/store/xggwfv26l7nsraymni7kqcwlgizwmrbm-cix-item-broker"
    }
  }
}
