{
  "inputs": {
    "pkgs": {
      "url": "github:NixOS/nixpkgs/nixos-unstable",
      "rev": "148bab9c1c3c53136ecb44a6ea356a0ed5b39b06",
      "narHash": "sha256-KoTsyMQqnXQZq8deCEnu4QkyldkwH/bpMMhUcfMdGIw=",
      "lastModified": 1785571196
    }
  },
  "outputs": {
    "postgres": {
      "sourceHash": "af43381b1059d439deb3bf59d1efd204eca0f662139088492d1f8ec440b1fc57",
      "storePath": "/nix/store/sgi81gdjb7y91plmq60bg76k5z32crqn-cix-item-postgres"
    }
  }
}
