{
  "inputs": {
    "pkgs": {
      "url": "github:NixOS/nixpkgs/nixos-unstable",
      "rev": "e72e4f299401a3689d4b3d5fc6496b11db7064eb",
      "narHash": "sha256-8fsyqeO+mJqvIzeO4xIpgJe/f7MTbbVTEC6RT6WSXNs=",
      "lastModified": 1785828668
    }
  },
  "outputs": {
    "web": {
      "sourceHash": "e42d1be9825290d8a9d0bfacfeee471bd53a834966bb6297521c6efafda9e18a",
      "storePath": "/nix/store/4kw4nh1lpw6dcbb8d9zpw2w95pf71nac-cix-item-web"
    }
  }
}
