{
  "inputs": {
    "pkgs": {
      "url": "github:NixOS/nixpkgs/nixos-unstable",
      "rev": "624af665418d3c65d544145b4d34ad696439570e",
      "narHash": "sha256-m0pDuRJG7EDo9ri+4Ksu83VsI+PlxNC9lNBfydejce4=",
      "lastModified": 1785967620
    }
  },
  "evalPlan": {
    "version": 2,
    "cixfileHash": "dbfffc69b39ab76a7bcf3ca79cba433f91fd02e62a2e925a1e2613ad3ceb88c4",
    "skeleton": "v2:/usr/bin/env->/bin/env;x86_64:/lib64/ld-linux-x86-64.so.2->/lib/cix-loaders/ld-linux-x86-64.so.2,/lib/ld-musl-x86_64.so.1->/lib/cix-loaders/ld-musl-x86_64.so.1",
    "inputs": {
      "pkgs": {
        "url": "github:NixOS/nixpkgs/nixos-unstable",
        "kind": "package-universe",
        "overlays": []
      },
      "src": {
        "url": ".",
        "kind": "source",
        "overlays": []
      }
    },
    "topLevelFetchCount": 0,
    "builders": {},
    "artifacts": {
      "assembly": {
        "kind": "item",
        "imports": [
          [
            {
              "kind": "package",
              "namespace": "pkgs",
              "attrpath": "coreutils"
            }
          ]
        ],
        "copies": [
          {
            "src": [
              {
                "kind": "binder",
                "name": "src"
              },
              {
                "kind": "literal",
                "value": "/payload.txt"
              }
            ],
            "dst": "payload.txt",
            "mode": "materialize",
            "line": 6
          }
        ],
        "assembly": [
          {
            "kind": "file",
            "dst": "etc/identity",
            "contents": [
              {
                "kind": "literal",
                "value": "assembled by both paths\n"
              }
            ],
            "line": 7
          }
        ]
      }
    }
  },
  "outputs": {
    "assembly": {
      "sourceHash": "ddc1857cd4c6c674abed23ffd794c0ff9ad0b53128d8e669d870b9ceb659184a",
      "storePath": "/nix/store/a9iq8bbisgm5c7nmj06szxv88al882ip-cix-item-assembly"
    }
  }
}