{
  "inputs": {
    "pkgs": {
      "url": "github:NixOS/nixpkgs/nixos-unstable",
      "rev": "e72e4f299401a3689d4b3d5fc6496b11db7064eb",
      "narHash": "sha256-8fsyqeO+mJqvIzeO4xIpgJe/f7MTbbVTEC6RT6WSXNs=",
      "lastModified": 1785828668
    }
  },
  "fetches": {
    "builder:build:2-b99bd991f2ec": {
      "snapshotNarHash": "sha256-hbNqbIpnnpNqYM8RPTSvg6slyv0QrRu82yamySgGX2g=",
      "paths": {
        "output/usr/local": "sha256-pgy70nYVl+NQCemnLgH8vVEKL3Sv2Az4Aro6qieJAmc="
      }
    },
    "builder:build:3-3172aa130863": {
      "snapshotNarHash": "sha256-HyXTQF+hk7pvpuHgNSSktVTBQGH1LT/ny89xoN0tZVo=",
      "paths": {
        "output/usr/local": "sha256-pgy70nYVl+NQCemnLgH8vVEKL3Sv2Az4Aro6qieJAmc="
      }
    },
    "builder:build:3-3cddfa513876": {
      "snapshotNarHash": "sha256-nbFaoKKOG8AN7X7VYPn5Y4nAuvbUwSOk1CbWVRLOlOQ=",
      "paths": {
        "output/usr/local": "sha256-7V7y726D1t3+3T45rhOz69WZCFDZBJ5dsY0C3HDRpTg="
      }
    }
  },
  "memo": {
    "2f6d6cca8336954b9852da02b161872cba61f32eaa45085dfa3d1c551a354dc7": {
      "paths": {
        "output/usr/local": {
          "narHash": "sha256-pgy70nYVl+NQCemnLgH8vVEKL3Sv2Az4Aro6qieJAmc=",
          "storePath": "/nix/store/f6n1gpl9sqswhcqb5r4mnd9hr04vfjjb-cix-build-consumed"
        }
      }
    },
    "4f91fbd523f652c212fb5fb77041bf51ae4917321ea3c3fa8007346e28b9d505": {
      "paths": {
        "output/usr/local": {
          "narHash": "sha256-7V7y726D1t3+3T45rhOz69WZCFDZBJ5dsY0C3HDRpTg=",
          "storePath": "/nix/store/awjd1fkj8nfwff9jygxy284hw97nv010-cix-build-consumed"
        }
      }
    },
    "7678884189b40e88a6d0028b78e6c1a79501491cf42ec597250e5397b85709ff": {
      "paths": {
        "output/usr/local": {
          "narHash": "sha256-pgy70nYVl+NQCemnLgH8vVEKL3Sv2Az4Aro6qieJAmc=",
          "storePath": "/nix/store/f6n1gpl9sqswhcqb5r4mnd9hr04vfjjb-cix-build-consumed"
        }
      }
    },
    "b863cacd19094c619a8804493b1f6ae2ad0b7fbff8844644bef8465a02a8405e": {
      "paths": {
        "output/usr/local": {
          "narHash": "sha256-pgy70nYVl+NQCemnLgH8vVEKL3Sv2Az4Aro6qieJAmc=",
          "storePath": "/nix/store/f6n1gpl9sqswhcqb5r4mnd9hr04vfjjb-cix-build-consumed"
        }
      }
    }
  },
  "stepMemo": {
    "builder:build:2": {
      "key": "31f491ed0fae6601f412b24d18b5148bca5582ecee3c3aa4a4abe280c51b23af",
      "reads": {
        ".": {
          "kind": "directory-exists"
        },
        ".config/curlrc": {
          "kind": "absent"
        },
        ".curlrc": {
          "kind": "absent"
        }
      },
      "outputSnapshot": "/nix/store/phaccycy9j0rj73jfk348fgllmjapm7q-cix-step-output",
      "changes": {
        "valkey.tar.gz": {
          "kind": "present"
        }
      },
      "outputHashes": {
        "valkey.tar.gz": {
          "content": "4a5d385593090727f08cd3fe1ed88429a12b4e236b50370867424e2c18f7ae12"
        }
      }
    },
    "builder:build:3": {
      "key": "ce44b9ed0c68d7dd4718f9737bf7b6618f1239b6f9b95bd928d11a2f9929acc8",
      "reads": {
        ".": {
          "kind": "directory-exists"
        },
        ".config/curlrc": {
          "kind": "absent"
        },
        ".curlrc": {
          "kind": "absent"
        }
      },
      "outputSnapshot": "/nix/store/vd6fr9m0awgy7vh4r2p0f6mq5iw0aq3b-cix-step-output",
      "changes": {
        "libbacktrace.tar.gz": {
          "kind": "present"
        }
      },
      "outputHashes": {
        "libbacktrace.tar.gz": {
          "content": "810ef6de4eec8b8fa3d405bec453850be0733e1f48a455f70e9d7b87db88a5fb"
        }
      }
    },
    "builder:build:4": {
      "key": "543a292d63d1eec7bd138dfcbb7f20bbcec40665ebd54e5c55a412201722aeb6",
      "reads": {
        " /nix/store/5r2i2y5zjy00blilvn53hkqbddyna453-dpkg-1.23.7/lib/perl5/site_perl/5.42.0": {
          "kind": "absent"
        },
        " /nix/store/5r2i2y5zjy00blilvn53hkqbddyna453-dpkg-1.23.7/lib/perl5/site_perl/5.42.0/x86_64-linux-thread-multi": {
          "kind": "absent"
        },
        " /nix/store/5r2i2y5zjy00blilvn53hkqbddyna453-dpkg-1.23.7/lib/perl5/site_perl/Exporter.pm": {
          "kind": "absent"
        },
        " /nix/store/5r2i2y5zjy00blilvn53hkqbddyna453-dpkg-1.23.7/lib/perl5/site_perl/Exporter.pmc": {
          "kind": "absent"
        },
        " /nix/store/5r2i2y5zjy00blilvn53hkqbddyna453-dpkg-1.23.7/lib/perl5/site_perl/Exporter/Heavy.pm": {
          "kind": "absent"
        },
        " /nix/store/5r2i2y5zjy00blilvn53hkqbddyna453-dpkg-1.23.7/lib/perl5/site_perl/Exporter/Heavy.pmc": {
          "kind": "absent"
        },
        " /nix/store/5r2i2y5zjy00blilvn53hkqbddyna453-dpkg-1.23.7/lib/perl5/site_perl/List/Util.pm": {
          "kind": "absent"
        },
        " /nix/store/5r2i2y5zjy00blilvn53hkqbddyna453-dpkg-1.23.7/lib/perl5/site_perl/List/Util.pmc": {
          "kind": "absent"
        },
        " /nix/store/5r2i2y5zjy00blilvn53hkqbddyna453-dpkg-1.23.7/lib/perl5/site_perl/Locale/gettext.pm": {
          "kind": "absent"
        },
        " /nix/store/5r2i2y5zjy00blilvn53hkqbddyna453-dpkg-1.23.7/lib/perl5/site_perl/Locale/gettext.pmc": {
          "kind": "absent"
        },
        " /nix/store/5r2i2y5zjy00blilvn53hkqbddyna453-dpkg-1.23.7/lib/perl5/site_perl/XSLoader.pm": {
          "kind": "absent"
        },
        " /nix/store/5r2i2y5zjy00blilvn53hkqbddyna453-dpkg-1.23.7/lib/perl5/site_perl/XSLoader.pmc": {
          "kind": "absent"
        },
        " /nix/store/5r2i2y5zjy00blilvn53hkqbddyna453-dpkg-1.23.7/lib/perl5/site_perl/constant.pm": {
          "kind": "absent"
        },
        " /nix/store/5r2i2y5zjy00blilvn53hkqbddyna453-dpkg-1.23.7/lib/perl5/site_perl/constant.pmc": {
          "kind": "absent"
        },
        " /nix/store/5r2i2y5zjy00blilvn53hkqbddyna453-dpkg-1.23.7/lib/perl5/site_perl/strict.pm": {
          "kind": "absent"
        },
        " /nix/store/5r2i2y5zjy00blilvn53hkqbddyna453-dpkg-1.23.7/lib/perl5/site_perl/strict.pmc": {
          "kind": "absent"
        },
        " /nix/store/5r2i2y5zjy00blilvn53hkqbddyna453-dpkg-1.23.7/lib/perl5/site_perl/warnings.pm": {
          "kind": "absent"
        },
        " /nix/store/5r2i2y5zjy00blilvn53hkqbddyna453-dpkg-1.23.7/lib/perl5/site_perl/warnings.pmc": {
          "kind": "absent"
        },
        " /nix/store/5r2i2y5zjy00blilvn53hkqbddyna453-dpkg-1.23.7/lib/perl5/site_perl/warnings/register.pm": {
          "kind": "absent"
        },
        " /nix/store/5r2i2y5zjy00blilvn53hkqbddyna453-dpkg-1.23.7/lib/perl5/site_perl/warnings/register.pmc": {
          "kind": "absent"
        },
        " /nix/store/5r2i2y5zjy00blilvn53hkqbddyna453-dpkg-1.23.7/lib/perl5/site_perl/x86_64-linux-thread-multi": {
          "kind": "absent"
        },
        ".": {
          "kind": "directory-exists"
        },
        "libbacktrace.tar.gz": {
          "kind": "file",
          "hash": "b0f745a1033453c655f8fc550d5b057fb69262b78978dc5556fa732d484517c9"
        },
        "nix/store/5r2i2y5zjy00blilvn53hkqbddyna453-dpkg-1.23.7/bin/dpkg.cfg": {
          "kind": "absent"
        },
        "valkey.tar.gz": {
          "kind": "file",
          "hash": "7f5bfdc924a4a7b7dd5ac59c5444150b66cef6f7e91b5b9ab45128ad5552a22d"
        }
      },
      "changes": {
        "libbacktrace": {
          "kind": "present"
        },
        "libbacktrace.tar.gz": {
          "kind": "absent"
        },
        "libbacktrace/.gitignore": {
          "kind": "present"
        },
        "libbacktrace/.libs": {
          "kind": "subtree",
          "mode": 16877
        },
        "libbacktrace/Isaac.Newton-Opticks.txt": {
          "kind": "present"
        },
        "libbacktrace/LICENSE": {
          "kind": "present"
        },
        "libbacktrace/Makefile": {
          "kind": "present"
        },
        "libbacktrace/Makefile.am": {
          "kind": "present"
        },
        "libbacktrace/Makefile.in": {
          "kind": "present"
        },
        "libbacktrace/README.md": {
          "kind": "present"
        },
        "libbacktrace/aclocal.m4": {
          "kind": "present"
        },
        "libbacktrace/alloc.c": {
          "kind": "present"
        },
        "libbacktrace/allocfail.c": {
          "kind": "present"
        },
        "libbacktrace/allocfail.sh": {
          "kind": "present"
        },
        "libbacktrace/atomic.c": {
          "kind": "present"
        },
        "libbacktrace/atomic.lo": {
          "kind": "present"
        },
        "libbacktrace/atomic.o": {
          "kind": "present"
        },
        "libbacktrace/backtrace-supported.h": {
          "kind": "present"
        },
        "libbacktrace/backtrace-supported.h.in": {
          "kind": "present"
        },
        "libbacktrace/backtrace.c": {
          "kind": "present"
        },
        "libbacktrace/backtrace.h": {
          "kind": "present"
        },
        "libbacktrace/backtrace.lo": {
          "kind": "present"
        },
        "libbacktrace/backtrace.o": {
          "kind": "present"
        },
        "libbacktrace/btest.c": {
          "kind": "present"
        },
        "libbacktrace/compile": {
          "kind": "present"
        },
        "libbacktrace/config": {
          "kind": "subtree",
          "mode": 16893
        },
        "libbacktrace/config.guess": {
          "kind": "present"
        },
        "libbacktrace/config.h": {
          "kind": "present"
        },
        "libbacktrace/config.h.in": {
          "kind": "present"
        },
        "libbacktrace/config.log": {
          "kind": "present"
        },
        "libbacktrace/config.status": {
          "kind": "present"
        },
        "libbacktrace/config.sub": {
          "kind": "present"
        },
        "libbacktrace/configure": {
          "kind": "present"
        },
        "libbacktrace/configure.ac": {
          "kind": "present"
        },
        "libbacktrace/dwarf.c": {
          "kind": "present"
        },
        "libbacktrace/dwarf.lo": {
          "kind": "present"
        },
        "libbacktrace/dwarf.o": {
          "kind": "present"
        },
        "libbacktrace/edtest.c": {
          "kind": "present"
        },
        "libbacktrace/edtest2.c": {
          "kind": "present"
        },
        "libbacktrace/elf.c": {
          "kind": "present"
        },
        "libbacktrace/elf.lo": {
          "kind": "present"
        },
        "libbacktrace/elf.o": {
          "kind": "present"
        },
        "libbacktrace/fileline.c": {
          "kind": "present"
        },
        "libbacktrace/fileline.lo": {
          "kind": "present"
        },
        "libbacktrace/fileline.o": {
          "kind": "present"
        },
        "libbacktrace/filenames.h": {
          "kind": "present"
        },
        "libbacktrace/filetype.awk": {
          "kind": "present"
        },
        "libbacktrace/install-debuginfo-for-buildid.sh": {
          "kind": "present"
        },
        "libbacktrace/install-debuginfo-for-buildid.sh.in": {
          "kind": "present"
        },
        "libbacktrace/install-sh": {
          "kind": "present"
        },
        "libbacktrace/instrumented_alloc.c": {
          "kind": "present"
        },
        "libbacktrace/internal.h": {
          "kind": "present"
        },
        "libbacktrace/libbacktrace.la": {
          "kind": "present"
        },
        "libbacktrace/libtool": {
          "kind": "present"
        },
        "libbacktrace/ltmain.sh": {
          "kind": "present"
        },
        "libbacktrace/macho.c": {
          "kind": "present"
        },
        "libbacktrace/missing": {
          "kind": "present"
        },
        "libbacktrace/mmap.c": {
          "kind": "present"
        },
        "libbacktrace/mmap.lo": {
          "kind": "present"
        },
        "libbacktrace/mmap.o": {
          "kind": "present"
        },
        "libbacktrace/mmapio.c": {
          "kind": "present"
        },
        "libbacktrace/mmapio.lo": {
          "kind": "present"
        },
        "libbacktrace/mmapio.o": {
          "kind": "present"
        },
        "libbacktrace/move-if-change": {
          "kind": "present"
        },
        "libbacktrace/mtest.c": {
          "kind": "present"
        },
        "libbacktrace/nounwind.c": {
          "kind": "present"
        },
        "libbacktrace/pecoff.c": {
          "kind": "present"
        },
        "libbacktrace/posix.c": {
          "kind": "present"
        },
        "libbacktrace/posix.lo": {
          "kind": "present"
        },
        "libbacktrace/posix.o": {
          "kind": "present"
        },
        "libbacktrace/print.c": {
          "kind": "present"
        },
        "libbacktrace/print.lo": {
          "kind": "present"
        },
        "libbacktrace/print.o": {
          "kind": "present"
        },
        "libbacktrace/read.c": {
          "kind": "present"
        },
        "libbacktrace/simple.c": {
          "kind": "present"
        },
        "libbacktrace/simple.lo": {
          "kind": "present"
        },
        "libbacktrace/simple.o": {
          "kind": "present"
        },
        "libbacktrace/sort.c": {
          "kind": "present"
        },
        "libbacktrace/sort.lo": {
          "kind": "present"
        },
        "libbacktrace/sort.o": {
          "kind": "present"
        },
        "libbacktrace/stamp-h1": {
          "kind": "present"
        },
        "libbacktrace/state.c": {
          "kind": "present"
        },
        "libbacktrace/state.lo": {
          "kind": "present"
        },
        "libbacktrace/state.o": {
          "kind": "present"
        },
        "libbacktrace/stest.c": {
          "kind": "present"
        },
        "libbacktrace/test-driver": {
          "kind": "present"
        },
        "libbacktrace/test_format.c": {
          "kind": "present"
        },
        "libbacktrace/testlib.c": {
          "kind": "present"
        },
        "libbacktrace/testlib.h": {
          "kind": "present"
        },
        "libbacktrace/ttest.c": {
          "kind": "present"
        },
        "libbacktrace/unittest.c": {
          "kind": "present"
        },
        "libbacktrace/unknown.c": {
          "kind": "present"
        },
        "libbacktrace/xcoff.c": {
          "kind": "present"
        },
        "libbacktrace/xztest.c": {
          "kind": "present"
        },
        "libbacktrace/zstdtest.c": {
          "kind": "present"
        },
        "libbacktrace/ztest.c": {
          "kind": "present"
        },
        "output": {
          "kind": "present"
        },
        "output/usr": {
          "kind": "present"
        },
        "output/usr/include": {
          "kind": "subtree",
          "mode": 16877
        },
        "output/usr/lib": {
          "kind": "subtree",
          "mode": 16877
        },
        "output/usr/local": {
          "kind": "present"
        },
        "output/usr/local/bin": {
          "kind": "present"
        },
        "output/usr/local/bin/valkey-benchmark": {
          "kind": "present"
        },
        "output/usr/local/bin/valkey-cli": {
          "kind": "present"
        },
        "output/usr/local/bin/valkey-server": {
          "kind": "present"
        },
        "output/usr/local/valkey.spdx.json": {
          "kind": "present"
        },
        "output/usr/src": {
          "kind": "present"
        },
        "output/usr/src/valkey": {
          "kind": "present"
        },
        "output/usr/src/valkey/.cmake-format.yaml": {
          "kind": "present"
        },
        "output/usr/src/valkey/.config": {
          "kind": "subtree",
          "mode": 16893
        },
        "output/usr/src/valkey/.git-blame-ignore-revs": {
          "kind": "present"
        },
        "output/usr/src/valkey/.gitattributes": {
          "kind": "present"
        },
        "output/usr/src/valkey/.github": {
          "kind": "subtree",
          "mode": 16893
        },
        "output/usr/src/valkey/.gitignore": {
          "kind": "present"
        },
        "output/usr/src/valkey/00-RELEASENOTES": {
          "kind": "present"
        },
        "output/usr/src/valkey/CMakeLists.txt": {
          "kind": "present"
        },
        "output/usr/src/valkey/CODE_OF_CONDUCT.md": {
          "kind": "present"
        },
        "output/usr/src/valkey/CONTRIBUTING.md": {
          "kind": "present"
        },
        "output/usr/src/valkey/COPYING": {
          "kind": "present"
        },
        "output/usr/src/valkey/GOVERNANCE.md": {
          "kind": "present"
        },
        "output/usr/src/valkey/MAINTAINERS.md": {
          "kind": "present"
        },
        "output/usr/src/valkey/Makefile": {
          "kind": "present"
        },
        "output/usr/src/valkey/README.md": {
          "kind": "present"
        },
        "output/usr/src/valkey/SECURITY.md": {
          "kind": "present"
        },
        "output/usr/src/valkey/cmake": {
          "kind": "subtree",
          "mode": 16893
        },
        "output/usr/src/valkey/codecov.yml": {
          "kind": "present"
        },
        "output/usr/src/valkey/deps": {
          "kind": "present"
        },
        "output/usr/src/valkey/deps/.make-cflags": {
          "kind": "present"
        },
        "output/usr/src/valkey/deps/.make-ldflags": {
          "kind": "present"
        },
        "output/usr/src/valkey/deps/.make-prerequisites": {
          "kind": "present"
        },
        "output/usr/src/valkey/deps/CMakeLists.txt": {
          "kind": "present"
        },
        "output/usr/src/valkey/deps/Makefile": {
          "kind": "present"
        },
        "output/usr/src/valkey/deps/README.md": {
          "kind": "present"
        },
        "output/usr/src/valkey/deps/fast_float": {
          "kind": "subtree",
          "mode": 16893
        },
        "output/usr/src/valkey/deps/fast_float_c_interface": {
          "kind": "subtree",
          "mode": 16893
        },
        "output/usr/src/valkey/deps/fpconv": {
          "kind": "subtree",
          "mode": 16893
        },
        "output/usr/src/valkey/deps/hdr_histogram": {
          "kind": "subtree",
          "mode": 16893
        },
        "output/usr/src/valkey/deps/hiredis": {
          "kind": "subtree",
          "mode": 16893
        },
        "output/usr/src/valkey/deps/jemalloc": {
          "kind": "present"
        },
        "output/usr/src/valkey/deps/jemalloc/.appveyor.yml": {
          "kind": "present"
        },
        "output/usr/src/valkey/deps/jemalloc/.autom4te.cfg": {
          "kind": "present"
        },
        "output/usr/src/valkey/deps/jemalloc/.cirrus.yml": {
          "kind": "present"
        },
        "output/usr/src/valkey/deps/jemalloc/.clang-format": {
          "kind": "present"
        },
        "output/usr/src/valkey/deps/jemalloc/.gitattributes": {
          "kind": "present"
        },
        "output/usr/src/valkey/deps/jemalloc/.gitignore": {
          "kind": "present"
        },
        "output/usr/src/valkey/deps/jemalloc/.travis.yml": {
          "kind": "present"
        },
        "output/usr/src/valkey/deps/jemalloc/CMakeLists.txt": {
          "kind": "present"
        },
        "output/usr/src/valkey/deps/jemalloc/COPYING": {
          "kind": "present"
        },
        "output/usr/src/valkey/deps/jemalloc/ChangeLog": {
          "kind": "present"
        },
        "output/usr/src/valkey/deps/jemalloc/INSTALL.md": {
          "kind": "present"
        },
        "output/usr/src/valkey/deps/jemalloc/Makefile": {
          "kind": "present"
        },
        "output/usr/src/valkey/deps/jemalloc/Makefile.in": {
          "kind": "present"
        },
        "output/usr/src/valkey/deps/jemalloc/README": {
          "kind": "present"
        },
        "output/usr/src/valkey/deps/jemalloc/TUNING.md": {
          "kind": "present"
        },
        "output/usr/src/valkey/deps/jemalloc/VERSION": {
          "kind": "present"
        },
        "output/usr/src/valkey/deps/jemalloc/autogen.sh": {
          "kind": "present"
        },
        "output/usr/src/valkey/deps/jemalloc/bin": {
          "kind": "subtree",
          "mode": 16893
        },
        "output/usr/src/valkey/deps/jemalloc/build-aux": {
          "kind": "subtree",
          "mode": 16893
        },
        "output/usr/src/valkey/deps/jemalloc/config.log": {
          "kind": "present"
        },
        "output/usr/src/valkey/deps/jemalloc/config.stamp": {
          "kind": "present"
        },
        "output/usr/src/valkey/deps/jemalloc/config.stamp.in": {
          "kind": "present"
        },
        "output/usr/src/valkey/deps/jemalloc/config.status": {
          "kind": "present"
        },
        "output/usr/src/valkey/deps/jemalloc/configure": {
          "kind": "present"
        },
        "output/usr/src/valkey/deps/jemalloc/configure.ac": {
          "kind": "present"
        },
        "output/usr/src/valkey/deps/jemalloc/doc": {
          "kind": "subtree",
          "mode": 16893
        },
        "output/usr/src/valkey/deps/jemalloc/doc_internal": {
          "kind": "subtree",
          "mode": 16893
        },
        "output/usr/src/valkey/deps/jemalloc/include": {
          "kind": "subtree",
          "mode": 16893
        },
        "output/usr/src/valkey/deps/jemalloc/jemalloc.pc": {
          "kind": "present"
        },
        "output/usr/src/valkey/deps/jemalloc/jemalloc.pc.in": {
          "kind": "present"
        },
        "output/usr/src/valkey/deps/jemalloc/lib/libjemalloc.a": {
          "kind": "present"
        },
        "output/usr/src/valkey/deps/jemalloc/m4": {
          "kind": "subtree",
          "mode": 16893
        },
        "output/usr/src/valkey/deps/jemalloc/msvc": {
          "kind": "subtree",
          "mode": 16893
        },
        "output/usr/src/valkey/deps/jemalloc/run_tests.sh": {
          "kind": "present"
        },
        "output/usr/src/valkey/deps/jemalloc/scripts": {
          "kind": "subtree",
          "mode": 16893
        },
        "output/usr/src/valkey/deps/jemalloc/src": {
          "kind": "subtree",
          "mode": 16893
        },
        "output/usr/src/valkey/deps/jemalloc/test": {
          "kind": "subtree",
          "mode": 16893
        },
        "output/usr/src/valkey/deps/linenoise": {
          "kind": "subtree",
          "mode": 16893
        },
        "output/usr/src/valkey/deps/lua": {
          "kind": "subtree",
          "mode": 16893
        },
        "output/usr/src/valkey/runtest": {
          "kind": "present"
        },
        "output/usr/src/valkey/runtest-cluster": {
          "kind": "present"
        },
        "output/usr/src/valkey/runtest-moduleapi": {
          "kind": "present"
        },
        "output/usr/src/valkey/runtest-rdma": {
          "kind": "present"
        },
        "output/usr/src/valkey/runtest-sentinel": {
          "kind": "present"
        },
        "output/usr/src/valkey/sentinel.conf": {
          "kind": "present"
        },
        "output/usr/src/valkey/src": {
          "kind": "subtree",
          "mode": 16893
        },
        "output/usr/src/valkey/tests": {
          "kind": "subtree",
          "mode": 16893
        },
        "output/usr/src/valkey/utils": {
          "kind": "subtree",
          "mode": 16893
        },
        "output/usr/src/valkey/valkey.conf": {
          "kind": "present"
        },
        "valkey.tar.gz": {
          "kind": "absent"
        }
      }
    }
  },
  "devEnvs": {
    "3cda2cecc0a9b66e8aa82b1cd7b4077fe565b60be8463fce665ee196769c53a3:2f92375d0f945a1889c93e65f873b610ab67d9fcc2472c784e7498f7229c7ec2": {
      "environment": {
        "ACLOCAL_PATH": "/nix/store/43mvwk0hzm3pb4jaz9yd4703xs7d0jyr-automake-1.18.1/share/aclocal:/nix/store/d0a0g5q9spi04dpz89n4wqnzv8synh73-curl-8.21.0-dev/share/aclocal:/nix/store/5r2i2y5zjy00blilvn53hkqbddyna453-dpkg-1.23.7/share/aclocal:/nix/store/4l0pzac55a4ybdyzqflksvlzyk52lgxi-libtool-2.6.2/share/aclocal",
        "SYSTEM_CERTIFICATE_PATH": "/nix/store/k7bij71h4wsgl7g18pbsdzxfnmanhnq2-nss-cacert-3.126/etc/ssl/certs/ca-bundle.crt",
        "XDG_DATA_DIRS": "/nix/store/k1qg4vbk68zp5zw4li8g17yzif8imig5-autoconf-2.73/share:/nix/store/43mvwk0hzm3pb4jaz9yd4703xs7d0jyr-automake-1.18.1/share:/nix/store/bwry105g7v5jspr41bx9x3fcfqsmfkq2-bash-interactive-5.3p15/share:/nix/store/d0a0g5q9spi04dpz89n4wqnzv8synh73-curl-8.21.0-dev/share:/nix/store/m0nph6b8w876i1y5gpprmghi76fd06kk-brotli-1.2.0/share:/nix/store/qiwg67zp9w898zwr57g2lnhmhk0bifxa-krb5-1.22.2-lib/share:/nix/store/174ld31gjiv9k1gy4hnpjidrffwcwi6l-krb5-1.22.2/share:/nix/store/j30jxkm8hx4p7q3vpk946ljfc0rw43z4-nghttp2-1.69.0/share:/nix/store/alpmn3xfcx3ks489ryi261ws2m1ijlza-libidn2-2.3.8-bin/share:/nix/store/7svf4fa139ajvhfaxry3smvlbhrnraq1-libidn2-2.3.8/share:/nix/store/n1axb0xwihqfzijxmcna23rnw8h9c8s3-publicsuffix-list-0-unstable-2026-06-24/share:/nix/store/z5kci0gxs7yw3b6h341r10jsmkmvz2wq-libpsl-0.21.5/share:/nix/store/h4si9iyvqy1aaqy4piqw0pj2c6snmz69-zlib-1.3.2-dev/share:/nix/store/fkcbg2c1w29jr5yp9awai9w3v1wvxdk9-zlib-1.3.2/share:/nix/store/9nizcmvz2699nkrbzxx8xsp5d8jp686w-zstd-1.5.7/share:/nix/store/5r2i2y5zjy00blilvn53hkqbddyna453-dpkg-1.23.7/share:/nix/store/fcqbwp5hx5wh3lzf0457wmf0divknz7y-findutils-4.11.0/share:/nix/store/l0pfzsyrxmgfbzxxzxpwi6j6mhnkyrcr-gawk-5.4.1/share:/nix/store/aak8d9mrdv9sgn0lcg7xss7wxdg9sqh3-gnugrep-3.12/share:/nix/store/r60jpv4jr5h50f0rj1k5adlwic2vgldn-gnumake-4.4.1/share:/nix/store/7mfsmbhsd3arnypipwm251rcd0b45riy-gnused-4.10/share:/nix/store/3cp4kw4376flmhlxxi4w2jkancv3irp8-gnutar-1.35/share:/nix/store/4l0pzac55a4ybdyzqflksvlzyk52lgxi-libtool-2.6.2/share:/nix/store/vwn3vvrc6fk45vb3zmv95xynk5qya07y-gnum4-1.4.21/share:/nix/store/n2g9x9gw46dzfhcp99qaaf254flcaf4w-file-5.48/share:/nix/store/4235prclh3wvcqzri7hxssb47i6d444j-util-linux-2.42.2-bin/share:/nix/store/f5nm1v8x753qjipd6iblyfm3p8camsdp-util-linux-2.42.2-lib/share:/nix/store/pzvcwi6y0vfmfpni6b52jwy9x6sj1yv1-patchelf-0.15.2/share"
      }
    },
    "3cda2cecc0a9b66e8aa82b1cd7b4077fe565b60be8463fce665ee196769c53a3:2f9e47b32dec1cfb5a8006d22fd6b171804e7ae1ffdeeb0280c428e1388b7a4c": {
      "environment": {
        "ACLOCAL_PATH": "/nix/store/43mvwk0hzm3pb4jaz9yd4703xs7d0jyr-automake-1.18.1/share/aclocal:/nix/store/d0a0g5q9spi04dpz89n4wqnzv8synh73-curl-8.21.0-dev/share/aclocal:/nix/store/5r2i2y5zjy00blilvn53hkqbddyna453-dpkg-1.23.7/share/aclocal:/nix/store/4l0pzac55a4ybdyzqflksvlzyk52lgxi-libtool-2.6.2/share/aclocal:/nix/store/2l3a3fhc1nyp69mlq5ifb4mkb9mryb98-pkg-config-wrapper-0.29.2/share/aclocal",
        "PKG_CONFIG_PATH": "/nix/store/k3xfi5kna47grqcnxmcrmr93zzkqxb95-bash-interactive-5.3p15-dev/lib/pkgconfig:/nix/store/d0a0g5q9spi04dpz89n4wqnzv8synh73-curl-8.21.0-dev/lib/pkgconfig:/nix/store/hp5mxa6dpwd2dd6kvm7jvfm98wpl4iif-brotli-1.2.0-dev/lib/pkgconfig:/nix/store/118dw1dk6lkpvqmjn22x51y1zw2hdhss-krb5-1.22.2-dev/lib/pkgconfig:/nix/store/wk14kcx53ldlnl3dq557dh8vy2q8v2y8-nghttp2-1.69.0-dev/lib/pkgconfig:/nix/store/68845c0bllrnjxm303npmk6id8ikwcmb-nghttp3-1.16.0-dev/lib/pkgconfig:/nix/store/nn2qdg388ihkj39jw8rmykvva4rr3hm0-ngtcp2-1.23.0-dev/lib/pkgconfig:/nix/store/306qrssfm3sqvv8wjhxmbwikyljd5w1h-libidn2-2.3.8-dev/lib/pkgconfig:/nix/store/dbvxz51s7m6401ycyp3l38407y11hq6p-openssl-3.6.3-dev/lib/pkgconfig:/nix/store/y0f6g5a0a2z3yavzx2gwqysd198dcnlx-libpsl-0.21.5-dev/lib/pkgconfig:/nix/store/wrrynkh9lkqwh1bas3nlxk12f333bqni-libssh2-1.11.1-dev/lib/pkgconfig:/nix/store/h4si9iyvqy1aaqy4piqw0pj2c6snmz69-zlib-1.3.2-dev/share/pkgconfig:/nix/store/prp6myfj7ssv92v9kzz1m05cng5ss0bx-zstd-1.5.7-dev/lib/pkgconfig:/nix/store/5r2i2y5zjy00blilvn53hkqbddyna453-dpkg-1.23.7/lib/pkgconfig:/nix/store/vyb06c0nsb0361ddgblzh2r2vd1q4x01-file-5.48-dev/lib/pkgconfig:/nix/store/982nfdj3bymjn6p9i84p2yvacpdw7yni-util-linux-2.42.2-dev/lib/pkgconfig",
        "SYSTEM_CERTIFICATE_PATH": "/nix/store/k7bij71h4wsgl7g18pbsdzxfnmanhnq2-nss-cacert-3.126/etc/ssl/certs/ca-bundle.crt",
        "XDG_DATA_DIRS": "/nix/store/k1qg4vbk68zp5zw4li8g17yzif8imig5-autoconf-2.73/share:/nix/store/43mvwk0hzm3pb4jaz9yd4703xs7d0jyr-automake-1.18.1/share:/nix/store/bwry105g7v5jspr41bx9x3fcfqsmfkq2-bash-interactive-5.3p15/share:/nix/store/d0a0g5q9spi04dpz89n4wqnzv8synh73-curl-8.21.0-dev/share:/nix/store/m0nph6b8w876i1y5gpprmghi76fd06kk-brotli-1.2.0/share:/nix/store/qiwg67zp9w898zwr57g2lnhmhk0bifxa-krb5-1.22.2-lib/share:/nix/store/174ld31gjiv9k1gy4hnpjidrffwcwi6l-krb5-1.22.2/share:/nix/store/j30jxkm8hx4p7q3vpk946ljfc0rw43z4-nghttp2-1.69.0/share:/nix/store/alpmn3xfcx3ks489ryi261ws2m1ijlza-libidn2-2.3.8-bin/share:/nix/store/7svf4fa139ajvhfaxry3smvlbhrnraq1-libidn2-2.3.8/share:/nix/store/n1axb0xwihqfzijxmcna23rnw8h9c8s3-publicsuffix-list-0-unstable-2026-06-24/share:/nix/store/z5kci0gxs7yw3b6h341r10jsmkmvz2wq-libpsl-0.21.5/share:/nix/store/h4si9iyvqy1aaqy4piqw0pj2c6snmz69-zlib-1.3.2-dev/share:/nix/store/fkcbg2c1w29jr5yp9awai9w3v1wvxdk9-zlib-1.3.2/share:/nix/store/9nizcmvz2699nkrbzxx8xsp5d8jp686w-zstd-1.5.7/share:/nix/store/38r3gawmdqhmbgxipqy39rw1csszfnl9-diffutils-3.12/share:/nix/store/5r2i2y5zjy00blilvn53hkqbddyna453-dpkg-1.23.7/share:/nix/store/n2g9x9gw46dzfhcp99qaaf254flcaf4w-file-5.48/share:/nix/store/fcqbwp5hx5wh3lzf0457wmf0divknz7y-findutils-4.11.0/share:/nix/store/l0pfzsyrxmgfbzxxzxpwi6j6mhnkyrcr-gawk-5.4.1/share:/nix/store/aak8d9mrdv9sgn0lcg7xss7wxdg9sqh3-gnugrep-3.12/share:/nix/store/r60jpv4jr5h50f0rj1k5adlwic2vgldn-gnumake-4.4.1/share:/nix/store/7mfsmbhsd3arnypipwm251rcd0b45riy-gnused-4.10/share:/nix/store/3cp4kw4376flmhlxxi4w2jkancv3irp8-gnutar-1.35/share:/nix/store/4l0pzac55a4ybdyzqflksvlzyk52lgxi-libtool-2.6.2/share:/nix/store/vwn3vvrc6fk45vb3zmv95xynk5qya07y-gnum4-1.4.21/share:/nix/store/2l3a3fhc1nyp69mlq5ifb4mkb9mryb98-pkg-config-wrapper-0.29.2/share:/nix/store/4235prclh3wvcqzri7hxssb47i6d444j-util-linux-2.42.2-bin/share:/nix/store/f5nm1v8x753qjipd6iblyfm3p8camsdp-util-linux-2.42.2-lib/share:/nix/store/pzvcwi6y0vfmfpni6b52jwy9x6sj1yv1-patchelf-0.15.2/share"
      }
    },
    "3cda2cecc0a9b66e8aa82b1cd7b4077fe565b60be8463fce665ee196769c53a3:3e5f83a1cd474ec2a9b798e487356079e94aa5e88ea595c4c55aed89b075caa0": {
      "environment": {
        "ACLOCAL_PATH": "/nix/store/43mvwk0hzm3pb4jaz9yd4703xs7d0jyr-automake-1.18.1/share/aclocal:/nix/store/d0a0g5q9spi04dpz89n4wqnzv8synh73-curl-8.21.0-dev/share/aclocal:/nix/store/5r2i2y5zjy00blilvn53hkqbddyna453-dpkg-1.23.7/share/aclocal:/nix/store/4l0pzac55a4ybdyzqflksvlzyk52lgxi-libtool-2.6.2/share/aclocal",
        "SYSTEM_CERTIFICATE_PATH": "/nix/store/k7bij71h4wsgl7g18pbsdzxfnmanhnq2-nss-cacert-3.126/etc/ssl/certs/ca-bundle.crt",
        "XDG_DATA_DIRS": "/nix/store/k1qg4vbk68zp5zw4li8g17yzif8imig5-autoconf-2.73/share:/nix/store/43mvwk0hzm3pb4jaz9yd4703xs7d0jyr-automake-1.18.1/share:/nix/store/bwry105g7v5jspr41bx9x3fcfqsmfkq2-bash-interactive-5.3p15/share:/nix/store/d0a0g5q9spi04dpz89n4wqnzv8synh73-curl-8.21.0-dev/share:/nix/store/m0nph6b8w876i1y5gpprmghi76fd06kk-brotli-1.2.0/share:/nix/store/qiwg67zp9w898zwr57g2lnhmhk0bifxa-krb5-1.22.2-lib/share:/nix/store/174ld31gjiv9k1gy4hnpjidrffwcwi6l-krb5-1.22.2/share:/nix/store/j30jxkm8hx4p7q3vpk946ljfc0rw43z4-nghttp2-1.69.0/share:/nix/store/alpmn3xfcx3ks489ryi261ws2m1ijlza-libidn2-2.3.8-bin/share:/nix/store/7svf4fa139ajvhfaxry3smvlbhrnraq1-libidn2-2.3.8/share:/nix/store/n1axb0xwihqfzijxmcna23rnw8h9c8s3-publicsuffix-list-0-unstable-2026-06-24/share:/nix/store/z5kci0gxs7yw3b6h341r10jsmkmvz2wq-libpsl-0.21.5/share:/nix/store/h4si9iyvqy1aaqy4piqw0pj2c6snmz69-zlib-1.3.2-dev/share:/nix/store/fkcbg2c1w29jr5yp9awai9w3v1wvxdk9-zlib-1.3.2/share:/nix/store/9nizcmvz2699nkrbzxx8xsp5d8jp686w-zstd-1.5.7/share:/nix/store/5r2i2y5zjy00blilvn53hkqbddyna453-dpkg-1.23.7/share:/nix/store/fcqbwp5hx5wh3lzf0457wmf0divknz7y-findutils-4.11.0/share:/nix/store/6f0qqak4qbcrbw4f750phr88c9yhpf5s-git-2.55.0/share:/nix/store/aak8d9mrdv9sgn0lcg7xss7wxdg9sqh3-gnugrep-3.12/share:/nix/store/r60jpv4jr5h50f0rj1k5adlwic2vgldn-gnumake-4.4.1/share:/nix/store/7mfsmbhsd3arnypipwm251rcd0b45riy-gnused-4.10/share:/nix/store/3cp4kw4376flmhlxxi4w2jkancv3irp8-gnutar-1.35/share:/nix/store/4l0pzac55a4ybdyzqflksvlzyk52lgxi-libtool-2.6.2/share:/nix/store/vwn3vvrc6fk45vb3zmv95xynk5qya07y-gnum4-1.4.21/share:/nix/store/n2g9x9gw46dzfhcp99qaaf254flcaf4w-file-5.48/share:/nix/store/4235prclh3wvcqzri7hxssb47i6d444j-util-linux-2.42.2-bin/share:/nix/store/f5nm1v8x753qjipd6iblyfm3p8camsdp-util-linux-2.42.2-lib/share:/nix/store/pzvcwi6y0vfmfpni6b52jwy9x6sj1yv1-patchelf-0.15.2/share"
      }
    },
    "3cda2cecc0a9b66e8aa82b1cd7b4077fe565b60be8463fce665ee196769c53a3:48af0047d055e84e935459117b984b6858be8545bd2193df159e3dc3338a9fe8": {
      "environment": {
        "ACLOCAL_PATH": "/nix/store/43mvwk0hzm3pb4jaz9yd4703xs7d0jyr-automake-1.18.1/share/aclocal:/nix/store/d0a0g5q9spi04dpz89n4wqnzv8synh73-curl-8.21.0-dev/share/aclocal:/nix/store/5r2i2y5zjy00blilvn53hkqbddyna453-dpkg-1.23.7/share/aclocal:/nix/store/4l0pzac55a4ybdyzqflksvlzyk52lgxi-libtool-2.6.2/share/aclocal:/nix/store/2l3a3fhc1nyp69mlq5ifb4mkb9mryb98-pkg-config-wrapper-0.29.2/share/aclocal",
        "PKG_CONFIG_PATH": "/nix/store/k3xfi5kna47grqcnxmcrmr93zzkqxb95-bash-interactive-5.3p15-dev/lib/pkgconfig:/nix/store/d0a0g5q9spi04dpz89n4wqnzv8synh73-curl-8.21.0-dev/lib/pkgconfig:/nix/store/hp5mxa6dpwd2dd6kvm7jvfm98wpl4iif-brotli-1.2.0-dev/lib/pkgconfig:/nix/store/118dw1dk6lkpvqmjn22x51y1zw2hdhss-krb5-1.22.2-dev/lib/pkgconfig:/nix/store/wk14kcx53ldlnl3dq557dh8vy2q8v2y8-nghttp2-1.69.0-dev/lib/pkgconfig:/nix/store/68845c0bllrnjxm303npmk6id8ikwcmb-nghttp3-1.16.0-dev/lib/pkgconfig:/nix/store/nn2qdg388ihkj39jw8rmykvva4rr3hm0-ngtcp2-1.23.0-dev/lib/pkgconfig:/nix/store/306qrssfm3sqvv8wjhxmbwikyljd5w1h-libidn2-2.3.8-dev/lib/pkgconfig:/nix/store/dbvxz51s7m6401ycyp3l38407y11hq6p-openssl-3.6.3-dev/lib/pkgconfig:/nix/store/y0f6g5a0a2z3yavzx2gwqysd198dcnlx-libpsl-0.21.5-dev/lib/pkgconfig:/nix/store/wrrynkh9lkqwh1bas3nlxk12f333bqni-libssh2-1.11.1-dev/lib/pkgconfig:/nix/store/h4si9iyvqy1aaqy4piqw0pj2c6snmz69-zlib-1.3.2-dev/share/pkgconfig:/nix/store/prp6myfj7ssv92v9kzz1m05cng5ss0bx-zstd-1.5.7-dev/lib/pkgconfig:/nix/store/5r2i2y5zjy00blilvn53hkqbddyna453-dpkg-1.23.7/lib/pkgconfig:/nix/store/vyb06c0nsb0361ddgblzh2r2vd1q4x01-file-5.48-dev/lib/pkgconfig:/nix/store/982nfdj3bymjn6p9i84p2yvacpdw7yni-util-linux-2.42.2-dev/lib/pkgconfig",
        "SYSTEM_CERTIFICATE_PATH": "/nix/store/k7bij71h4wsgl7g18pbsdzxfnmanhnq2-nss-cacert-3.126/etc/ssl/certs/ca-bundle.crt",
        "XDG_DATA_DIRS": "/nix/store/k1qg4vbk68zp5zw4li8g17yzif8imig5-autoconf-2.73/share:/nix/store/43mvwk0hzm3pb4jaz9yd4703xs7d0jyr-automake-1.18.1/share:/nix/store/bwry105g7v5jspr41bx9x3fcfqsmfkq2-bash-interactive-5.3p15/share:/nix/store/d0a0g5q9spi04dpz89n4wqnzv8synh73-curl-8.21.0-dev/share:/nix/store/m0nph6b8w876i1y5gpprmghi76fd06kk-brotli-1.2.0/share:/nix/store/qiwg67zp9w898zwr57g2lnhmhk0bifxa-krb5-1.22.2-lib/share:/nix/store/174ld31gjiv9k1gy4hnpjidrffwcwi6l-krb5-1.22.2/share:/nix/store/j30jxkm8hx4p7q3vpk946ljfc0rw43z4-nghttp2-1.69.0/share:/nix/store/alpmn3xfcx3ks489ryi261ws2m1ijlza-libidn2-2.3.8-bin/share:/nix/store/7svf4fa139ajvhfaxry3smvlbhrnraq1-libidn2-2.3.8/share:/nix/store/n1axb0xwihqfzijxmcna23rnw8h9c8s3-publicsuffix-list-0-unstable-2026-06-24/share:/nix/store/z5kci0gxs7yw3b6h341r10jsmkmvz2wq-libpsl-0.21.5/share:/nix/store/h4si9iyvqy1aaqy4piqw0pj2c6snmz69-zlib-1.3.2-dev/share:/nix/store/fkcbg2c1w29jr5yp9awai9w3v1wvxdk9-zlib-1.3.2/share:/nix/store/9nizcmvz2699nkrbzxx8xsp5d8jp686w-zstd-1.5.7/share:/nix/store/38r3gawmdqhmbgxipqy39rw1csszfnl9-diffutils-3.12/share:/nix/store/5r2i2y5zjy00blilvn53hkqbddyna453-dpkg-1.23.7/share:/nix/store/n2g9x9gw46dzfhcp99qaaf254flcaf4w-file-5.48/share:/nix/store/fcqbwp5hx5wh3lzf0457wmf0divknz7y-findutils-4.11.0/share:/nix/store/l0pfzsyrxmgfbzxxzxpwi6j6mhnkyrcr-gawk-5.4.1/share:/nix/store/qqiqd3ah10x8hzsif4j1y4xc1miw23nx-glibc-2.42-67/share:/nix/store/aak8d9mrdv9sgn0lcg7xss7wxdg9sqh3-gnugrep-3.12/share:/nix/store/r60jpv4jr5h50f0rj1k5adlwic2vgldn-gnumake-4.4.1/share:/nix/store/7mfsmbhsd3arnypipwm251rcd0b45riy-gnused-4.10/share:/nix/store/3cp4kw4376flmhlxxi4w2jkancv3irp8-gnutar-1.35/share:/nix/store/4l0pzac55a4ybdyzqflksvlzyk52lgxi-libtool-2.6.2/share:/nix/store/vwn3vvrc6fk45vb3zmv95xynk5qya07y-gnum4-1.4.21/share:/nix/store/2l3a3fhc1nyp69mlq5ifb4mkb9mryb98-pkg-config-wrapper-0.29.2/share:/nix/store/4235prclh3wvcqzri7hxssb47i6d444j-util-linux-2.42.2-bin/share:/nix/store/f5nm1v8x753qjipd6iblyfm3p8camsdp-util-linux-2.42.2-lib/share:/nix/store/pzvcwi6y0vfmfpni6b52jwy9x6sj1yv1-patchelf-0.15.2/share"
      }
    }
  },
  "builderDevEnvs": {
    "build": "3cda2cecc0a9b66e8aa82b1cd7b4077fe565b60be8463fce665ee196769c53a3:48af0047d055e84e935459117b984b6858be8545bd2193df159e3dc3338a9fe8"
  },
  "outputs": {
    "valkey": {
      "sourceHash": "ab58b662ff8f37cc12c9b6590e39dd42066df6903a2b4df6fb8045c326c328fa",
      "storePath": "/nix/store/fgm45ck2453mrpmhpv4hqhc64kcwa3f6-cix-item-valkey"
    }
  }
}
