{
  "inputs": {
    "pkgs": {
      "url": "github:NixOS/nixpkgs/nixos-unstable",
      "rev": "624af665418d3c65d544145b4d34ad696439570e",
      "narHash": "sha256-m0pDuRJG7EDo9ri+4Ksu83VsI+PlxNC9lNBfydejce4=",
      "lastModified": 1785967620
    }
  },
  "fetches": {
    "builder:build:1-15d6832189bb": {
      "snapshotNarHash": "sha256-Vvk5Yd1noKndwrVqTMxZEuvmyXnN0vBEFs6bb4K9s98=",
      "paths": {
        "result.txt": "sha256-wRg/XjslB1J+9ArdiCDczLe/zs6PIpg222KEEp4zBvo="
      }
    }
  },
  "memo": {
    "002286a75a3e521e902238b03013edae9a441e644762ebfacd8171fedc582edc": {
      "paths": {
        "result.txt": {
          "narHash": "sha256-wRg/XjslB1J+9ArdiCDczLe/zs6PIpg222KEEp4zBvo=",
          "storePath": "/nix/store/nzssyns2w2b7asv79rsrp7vagwsnz57g-cix-build-consumed"
        }
      }
    },
    "f33c4a4a86343302cfcefd58677d1769d6d6a0c7e4e25052bbed669a26913263": {
      "paths": {
        "result.txt": {
          "narHash": "sha256-wRg/XjslB1J+9ArdiCDczLe/zs6PIpg222KEEp4zBvo=",
          "storePath": "/nix/store/nzssyns2w2b7asv79rsrp7vagwsnz57g-cix-build-consumed"
        }
      }
    }
  },
  "stepMemo": {
    "builder:build:1": {
      "key": "864f46b7760b80dc929ee139d0a9bd4ec723394edd8f6a6d9f87bf264054fbfd",
      "reads": {
        ".": {
          "kind": "directory-exists"
        }
      },
      "outputSnapshot": "/nix/store/8wgqkshncq2alb4n455z00jvw5by5i9g-cix-step-output",
      "changes": {
        "fetched.txt": {
          "kind": "present"
        }
      },
      "outputHashes": {
        "fetched.txt": {
          "content": "3b435c468ef879519f8aeb80b5d0d1fe1f96d91e13fc4126ad4d84391111fc27"
        }
      }
    },
    "builder:build:2": {
      "key": "b21131a61c1e9ae0dbe1f743aa0cd2e8c66ece2329047a8f74ea7e2071ffe2c6",
      "reads": {
        ".": {
          "kind": "directory-exists"
        },
        "fetched.txt": {
          "kind": "file",
          "hash": "102c2054d307d151905d41b8697c59a7ea58d576d4569e799f4393d725ec860f",
          "fingerprint": {
            "dev": 2307,
            "inode": 10356980,
            "mtimeNs": 576618315,
            "size": 23,
            "len": 23,
            "mode": 33188
          }
        },
        "input.txt": {
          "kind": "file",
          "hash": "05e386cd3a66fb5e1c4099ad0531abfe255fb9816ee56057eaa0944151f947dc",
          "fingerprint": {
            "dev": 2307,
            "inode": 10356976,
            "mtimeNs": 576604759,
            "size": 14,
            "len": 14,
            "mode": 33188
          }
        }
      },
      "changes": {
        "result.txt": {
          "kind": "present"
        }
      }
    }
  },
  "devEnvs": {
    "055f493356c0a150224a9ca97694f507f3a6c140bd1c5814338d235a4993e656:f9c9a15d9fde98223134d02e075dc0ac1a3063247c3b58510c6f1cabb6522099": {
      "environment": {
        "XDG_DATA_DIRS": "/nix/store/bwry105g7v5jspr41bx9x3fcfqsmfkq2-bash-interactive-5.3p15/share:/nix/store/pzvcwi6y0vfmfpni6b52jwy9x6sj1yv1-patchelf-0.15.2/share"
      }
    },
    "3883ea4312a5b18baf11e64caf7e0f609c23e25e66c7fb2760f148e3547f9473:77ca61a1cc152e3195ae8fd5fcac3ca6b6773e07e23de3dad83e56412232a59b": {
      "environment": {
        "XDG_DATA_DIRS": "/nix/store/dddwfz7nph37q3cjky9lhpy9kb90rrrx-bash-interactive-5.3p15/share:/nix/store/f13cgj4sypbjrwwpshfc2x4fd11is8dp-patchelf-0.15.2/share"
      }
    }
  },
  "builderDevEnvs": {
    "build": "3883ea4312a5b18baf11e64caf7e0f609c23e25e66c7fb2760f148e3547f9473:77ca61a1cc152e3195ae8fd5fcac3ca6b6773e07e23de3dad83e56412232a59b"
  },
  "evalPlan": {
    "version": 2,
    "cixfileHash": "22dc32a100153b1ac532000533b34aa05cd7116a800e361419f44c8306cf0791",
    "skeleton": "v2:/usr/bin/env->/bin/env;x86_64:/lib64/ld-linux-x86-64.so.2->/lib/cix-loaders/ld-linux-x86-64.so.2,/lib/ld-musl-x86_64.so.1->/lib/cix-loaders/ld-musl-x86_64.so.1",
    "inputs": {
      "pkgs": {
        "url": "github:NixOS/nixpkgs/nixos-unstable",
        "kind": "package-universe",
        "overlays": []
      },
      "src": {
        "url": ".",
        "kind": "source",
        "overlays": []
      }
    },
    "topLevelFetchCount": 0,
    "builders": {
      "build": {
        "imports": [
          [
            {
              "kind": "package",
              "namespace": "pkgs",
              "attrpath": "bash"
            }
          ],
          [
            {
              "kind": "package",
              "namespace": "pkgs",
              "attrpath": "coreutils"
            }
          ]
        ],
        "environment": {
          "XDG_DATA_DIRS": "/nix/store/dddwfz7nph37q3cjky9lhpy9kb90rrrx-bash-interactive-5.3p15/share:/nix/store/f13cgj4sypbjrwwpshfc2x4fd11is8dp-patchelf-0.15.2/share"
        },
        "steps": [
          {
            "kind": "copy",
            "copy": {
              "src": [
                {
                  "kind": "binder",
                  "name": "src"
                },
                {
                  "kind": "literal",
                  "value": "/input.txt"
                }
              ],
              "dst": "input.txt",
              "mode": "materialize",
              "line": 6
            }
          },
          {
            "kind": "fetch",
            "command": {
              "kind": "legacy",
              "command": [
                {
                  "kind": "literal",
                  "value": "printf 'fetched offline replay\\n' > fetched.txt"
                }
              ]
            },
            "environment": {},
            "ignoredEvidence": [],
            "line": 7,
            "snapshotNarHash": "sha256-Vvk5Yd1noKndwrVqTMxZEuvmyXnN0vBEFs6bb4K9s98="
          },
          {
            "kind": "run",
            "command": {
              "kind": "legacy",
              "command": [
                {
                  "kind": "literal",
                  "value": "cat input.txt fetched.txt > result.txt"
                }
              ]
            },
            "environment": {},
            "ignoredEvidence": [],
            "line": 8
          }
        ]
      }
    },
    "artifacts": {
      "builder": {
        "kind": "item",
        "imports": [],
        "copies": [
          {
            "src": [
              {
                "kind": "binder",
                "name": "build"
              },
              {
                "kind": "literal",
                "value": "/result.txt"
              }
            ],
            "dst": "result.txt",
            "mode": "link-normalized",
            "line": 11
          }
        ],
        "assembly": []
      }
    }
  },
  "outputs": {
    "builder": {
      "sourceHash": "32225dd62b9dfbc2785fc9e4c4b43b6e5eab5899f08c6ba80acbb6d1c75ec6ee",
      "storePath": "/nix/store/hm5xylp9nb9xdphlml1hs3bdxsxgslyi-cix-item-builder"
    }
  }
}