{
  "inputs": {
    "pkgs": {
      "url": "github:NixOS/nixpkgs/nixos-unstable",
      "rev": "643809054d65fdd466a63e3155b8c498cb483c04",
      "narHash": "sha256-vUfIeBEfpbAfZ5zjgIkYk7eHBeVfCYVjLbWnMkseYnk=",
      "lastModified": 1785692966
    }
  },
  "outputs": {
    "adminer": {
      "sourceHash": "098eeb464a37842e0649f798d7588423e089595e22ae8eaef76384a775561837",
      "storePath": "/nix/store/ayxlixrcrbl2w61s54whwa2d8r4bhm3q-cix-item-adminer"
    }
  }
}
