{
  "inputs": {
    "pkgs": {
      "url": "github:NixOS/nixpkgs/nixos-unstable",
      "rev": "643809054d65fdd466a63e3155b8c498cb483c04",
      "narHash": "sha256-vUfIeBEfpbAfZ5zjgIkYk7eHBeVfCYVjLbWnMkseYnk=",
      "lastModified": 1785692966
    }
  },
  "fetches": {
    "builder:adminer-release:3-47dd9437bad7": {
      "snapshotNarHash": "sha256-bJPKViwRiTQlcxrQKFRp9YcNjlBIfkx5BcjTR2T8Ing=",
      "paths": {
        "adminer.php": "sha256-XtzOOwW0fDA0zWc9NNKSvPQULMFzZGUwME5MGvQFtSo=",
        "designs": "sha256-hUO8MmzgJP6aLBSldhnFr+4QkH4HLjmp3rSq0klocNA=",
        "plugins": "sha256-hSaZYlzQe+Hgp2V6OLg82fjpd+EqqStqp6mxjgYs7s4="
      }
    },
    "builder:adminer-release:4-ae5318daa82c": {
      "snapshotNarHash": "sha256-aVXXxW1UsCuvdhamF7Y0KH9SvFeuWhtxidO1b0l6Edo=",
      "paths": {
        "adminer.php": "sha256-XtzOOwW0fDA0zWc9NNKSvPQULMFzZGUwME5MGvQFtSo=",
        "designs": "sha256-hUO8MmzgJP6aLBSldhnFr+4QkH4HLjmp3rSq0klocNA=",
        "plugins": "sha256-hSaZYlzQe+Hgp2V6OLg82fjpd+EqqStqp6mxjgYs7s4="
      }
    },
    "builder:release:3-1392e80818ee": {
      "snapshotNarHash": "sha256-XJVIfFbNTbUDfZOfIT045BHY1SSbRlfcdqM4d742DfQ=",
      "paths": {
        "output": "sha256-bJPKViwRiTQlcxrQKFRp9YcNjlBIfkx5BcjTR2T8Ing="
      }
    },
    "builder:release:4-982c31cc5beb": {
      "snapshotNarHash": "sha256-8nps6EKeGZi276DQrqfVwfeC322N+V68vZlfwbXUxf8=",
      "paths": {
        "output": "sha256-bJPKViwRiTQlcxrQKFRp9YcNjlBIfkx5BcjTR2T8Ing="
      }
    }
  },
  "memo": {
    "460050e890763c6f5ff2b0b16dcb23e9550fe3e1d37f84916ce105c3007830e8": {
      "paths": {
        "adminer.php": {
          "narHash": "sha256-XtzOOwW0fDA0zWc9NNKSvPQULMFzZGUwME5MGvQFtSo=",
          "storePath": "/nix/store/4mswbjgarb5g1kgab75lbnd9f01h38ly-cix-build-consumed"
        },
        "designs": {
          "narHash": "sha256-hUO8MmzgJP6aLBSldhnFr+4QkH4HLjmp3rSq0klocNA=",
          "storePath": "/nix/store/zbpixx6m5kn0jhzdgpr3r3lrrsbw362b-cix-build-consumed"
        },
        "plugins": {
          "narHash": "sha256-hSaZYlzQe+Hgp2V6OLg82fjpd+EqqStqp6mxjgYs7s4=",
          "storePath": "/nix/store/6ls4x4qxkawfcfq9gsh09iz0dq5yf72q-cix-build-consumed"
        }
      }
    },
    "70b87ad5333ade735cd1b615ee15d782ce93fa5a85c08082b54021d4ef62f3d9": {
      "paths": {
        "adminer.php": {
          "narHash": "sha256-XtzOOwW0fDA0zWc9NNKSvPQULMFzZGUwME5MGvQFtSo=",
          "storePath": "/nix/store/4mswbjgarb5g1kgab75lbnd9f01h38ly-cix-build-consumed"
        },
        "designs": {
          "narHash": "sha256-hUO8MmzgJP6aLBSldhnFr+4QkH4HLjmp3rSq0klocNA=",
          "storePath": "/nix/store/zbpixx6m5kn0jhzdgpr3r3lrrsbw362b-cix-build-consumed"
        },
        "plugins": {
          "narHash": "sha256-hSaZYlzQe+Hgp2V6OLg82fjpd+EqqStqp6mxjgYs7s4=",
          "storePath": "/nix/store/6ls4x4qxkawfcfq9gsh09iz0dq5yf72q-cix-build-consumed"
        }
      }
    },
    "87491bfbbec5dc6afda047ea385578aea4bc66fdc0676b84ef622a01a3ab51fc": {
      "paths": {
        "output": {
          "narHash": "sha256-bJPKViwRiTQlcxrQKFRp9YcNjlBIfkx5BcjTR2T8Ing=",
          "storePath": "/nix/store/9i0qdj3m4yq1z43dx4vdrvf698qn017d-cix-build-consumed"
        }
      }
    },
    "e0eff95a0466ac5abc1e8a8196bddb9245fa687457a79a41532f8997b941937d": {
      "paths": {
        "adminer.php": {
          "narHash": "sha256-XtzOOwW0fDA0zWc9NNKSvPQULMFzZGUwME5MGvQFtSo=",
          "storePath": "/nix/store/4mswbjgarb5g1kgab75lbnd9f01h38ly-cix-build-consumed"
        },
        "designs": {
          "narHash": "sha256-hUO8MmzgJP6aLBSldhnFr+4QkH4HLjmp3rSq0klocNA=",
          "storePath": "/nix/store/zbpixx6m5kn0jhzdgpr3r3lrrsbw362b-cix-build-consumed"
        },
        "plugins": {
          "narHash": "sha256-hSaZYlzQe+Hgp2V6OLg82fjpd+EqqStqp6mxjgYs7s4=",
          "storePath": "/nix/store/6ls4x4qxkawfcfq9gsh09iz0dq5yf72q-cix-build-consumed"
        }
      }
    }
  },
  "stepMemo": {
    "builder:adminer-release:3": {
      "key": "8e8eb37387287fa47c3043bb69e82d111dd14ac8b1791be4454c449bae8a4fa3",
      "reads": {
        ".": {
          "kind": "directory-exists"
        },
        ".config/curlrc": {
          "kind": "absent"
        },
        ".curlrc": {
          "kind": "absent"
        }
      },
      "outputSnapshot": "/nix/store/r8q1110snn34zjl3w6za1444m5czh5s5-cix-step-output",
      "changes": {
        "adminer.php": {
          "kind": "present"
        }
      },
      "outputHashes": {
        "adminer.php": {
          "content": "dbba8af239d754f14106a8f25cc5825fb1fb8022941e6c95d65ce1006b187635"
        }
      }
    },
    "builder:adminer-release:4": {
      "key": "a7aeb2775f6590bb76d28e859e83df0303c576d6a8c4aea252de96c1dfc35d99",
      "reads": {
        ".": {
          "kind": "directory-exists"
        },
        ".config/curlrc": {
          "kind": "absent"
        },
        ".curlrc": {
          "kind": "absent"
        }
      },
      "outputSnapshot": "/nix/store/24cwsblrb949wmb8588jcr78k10disc2-cix-step-output",
      "changes": {
        "source.tar.gz": {
          "kind": "present"
        }
      },
      "outputHashes": {
        "source.tar.gz": {
          "content": "346e45a9f1a60fb82b4f54aed6fdd83af46f8ce23fa680bd4b75479d6f604659"
        }
      }
    },
    "builder:adminer-release:5": {
      "key": "7506c5a318336fcc39924c9c5e21392acdc194d2b422f1b405e9d1ab919b40ab",
      "reads": {
        ".": {
          "kind": "directory-exists"
        },
        "designs": {
          "kind": "directory-exists"
        },
        "designs/adminer-dark": {
          "kind": "directory-exists"
        },
        "designs/brade": {
          "kind": "directory-exists"
        },
        "designs/bueltge": {
          "kind": "directory-exists"
        },
        "designs/dracula": {
          "kind": "directory-exists"
        },
        "designs/esterka": {
          "kind": "directory-exists"
        },
        "designs/flat": {
          "kind": "directory-exists"
        },
        "designs/galkaev": {
          "kind": "directory-exists"
        },
        "designs/haeckel": {
          "kind": "directory-exists"
        },
        "designs/hever": {
          "kind": "directory-exists"
        },
        "designs/konya": {
          "kind": "directory-exists"
        },
        "designs/lavender-light": {
          "kind": "directory-exists"
        },
        "designs/lucas-sandery": {
          "kind": "directory-exists"
        },
        "designs/mancave": {
          "kind": "directory-exists"
        },
        "designs/mvt": {
          "kind": "directory-exists"
        },
        "designs/nette": {
          "kind": "directory-exists"
        },
        "designs/ng9": {
          "kind": "directory-exists"
        },
        "designs/nicu": {
          "kind": "directory-exists"
        },
        "designs/pappu687": {
          "kind": "directory-exists"
        },
        "designs/paranoiq": {
          "kind": "directory-exists"
        },
        "designs/pepa-linha": {
          "kind": "directory-exists"
        },
        "designs/pokorny": {
          "kind": "directory-exists"
        },
        "designs/price": {
          "kind": "directory-exists"
        },
        "designs/rmsoft": {
          "kind": "directory-exists"
        },
        "designs/rmsoft_blue": {
          "kind": "directory-exists"
        },
        "designs/rmsoft_blue-dark": {
          "kind": "directory-exists"
        },
        "designs/win98": {
          "kind": "directory-exists"
        },
        "plugins": {
          "kind": "directory-exists"
        },
        "plugins/drivers": {
          "kind": "directory-exists"
        },
        "source.tar.gz": {
          "kind": "file",
          "hash": "666b75dca9b12b032389ad74a3e581be3f4c3005aa9f71d17d1555cbbf570ad7"
        }
      },
      "changes": {
        "designs": {
          "kind": "present"
        },
        "designs/README.md": {
          "kind": "present"
        },
        "designs/adminer-dark": {
          "kind": "present"
        },
        "designs/adminer-dark/README.md": {
          "kind": "present"
        },
        "designs/adminer-dark/adminer-dark.css": {
          "kind": "present"
        },
        "designs/brade": {
          "kind": "present"
        },
        "designs/brade/README.md": {
          "kind": "present"
        },
        "designs/brade/adminer.css": {
          "kind": "present"
        },
        "designs/bueltge": {
          "kind": "present"
        },
        "designs/bueltge/README.md": {
          "kind": "present"
        },
        "designs/bueltge/adminer.css": {
          "kind": "present"
        },
        "designs/dracula": {
          "kind": "present"
        },
        "designs/dracula/README.md": {
          "kind": "present"
        },
        "designs/dracula/adminer-dark.css": {
          "kind": "present"
        },
        "designs/esterka": {
          "kind": "present"
        },
        "designs/esterka/README.md": {
          "kind": "present"
        },
        "designs/esterka/adminer.css": {
          "kind": "present"
        },
        "designs/flat": {
          "kind": "present"
        },
        "designs/flat/README.md": {
          "kind": "present"
        },
        "designs/flat/adminer.css": {
          "kind": "present"
        },
        "designs/galkaev": {
          "kind": "present"
        },
        "designs/galkaev/README.md": {
          "kind": "present"
        },
        "designs/galkaev/adminer-dark.css": {
          "kind": "present"
        },
        "designs/haeckel": {
          "kind": "present"
        },
        "designs/haeckel/README.md": {
          "kind": "present"
        },
        "designs/haeckel/adminer.css": {
          "kind": "present"
        },
        "designs/hever": {
          "kind": "present"
        },
        "designs/hever/README.md": {
          "kind": "present"
        },
        "designs/hever/adminer.css": {
          "kind": "present"
        },
        "designs/konya": {
          "kind": "present"
        },
        "designs/konya/README.md": {
          "kind": "present"
        },
        "designs/konya/adminer.css": {
          "kind": "present"
        },
        "designs/lavender-light": {
          "kind": "present"
        },
        "designs/lavender-light/README.md": {
          "kind": "present"
        },
        "designs/lavender-light/adminer.css": {
          "kind": "present"
        },
        "designs/lucas-sandery": {
          "kind": "present"
        },
        "designs/lucas-sandery/README.md": {
          "kind": "present"
        },
        "designs/lucas-sandery/adminer.css": {
          "kind": "present"
        },
        "designs/mancave": {
          "kind": "present"
        },
        "designs/mancave/README.md": {
          "kind": "present"
        },
        "designs/mancave/adminer-dark.css": {
          "kind": "present"
        },
        "designs/mvt": {
          "kind": "present"
        },
        "designs/mvt/README.md": {
          "kind": "present"
        },
        "designs/mvt/adminer.css": {
          "kind": "present"
        },
        "designs/nette": {
          "kind": "present"
        },
        "designs/nette/README.md": {
          "kind": "present"
        },
        "designs/nette/adminer.css": {
          "kind": "present"
        },
        "designs/ng9": {
          "kind": "present"
        },
        "designs/ng9/README.md": {
          "kind": "present"
        },
        "designs/ng9/adminer.css": {
          "kind": "present"
        },
        "designs/nicu": {
          "kind": "present"
        },
        "designs/nicu/README.md": {
          "kind": "present"
        },
        "designs/nicu/adminer.css": {
          "kind": "present"
        },
        "designs/pappu687": {
          "kind": "present"
        },
        "designs/pappu687/README.md": {
          "kind": "present"
        },
        "designs/pappu687/adminer.css": {
          "kind": "present"
        },
        "designs/paranoiq": {
          "kind": "present"
        },
        "designs/paranoiq/README.md": {
          "kind": "present"
        },
        "designs/paranoiq/adminer.css": {
          "kind": "present"
        },
        "designs/pepa-linha": {
          "kind": "present"
        },
        "designs/pepa-linha/README.md": {
          "kind": "present"
        },
        "designs/pepa-linha/adminer.css": {
          "kind": "present"
        },
        "designs/pokorny": {
          "kind": "present"
        },
        "designs/pokorny/README.md": {
          "kind": "present"
        },
        "designs/pokorny/adminer.css": {
          "kind": "present"
        },
        "designs/price": {
          "kind": "present"
        },
        "designs/price/README.md": {
          "kind": "present"
        },
        "designs/price/adminer.css": {
          "kind": "present"
        },
        "designs/rmsoft": {
          "kind": "present"
        },
        "designs/rmsoft/README.md": {
          "kind": "present"
        },
        "designs/rmsoft/adminer.css": {
          "kind": "present"
        },
        "designs/rmsoft_blue": {
          "kind": "present"
        },
        "designs/rmsoft_blue-dark": {
          "kind": "present"
        },
        "designs/rmsoft_blue-dark/README.md": {
          "kind": "present"
        },
        "designs/rmsoft_blue-dark/adminer.css": {
          "kind": "present"
        },
        "designs/rmsoft_blue/README.md": {
          "kind": "present"
        },
        "designs/rmsoft_blue/adminer.css": {
          "kind": "present"
        },
        "designs/win98": {
          "kind": "present"
        },
        "designs/win98/README.md": {
          "kind": "present"
        },
        "designs/win98/adminer.css": {
          "kind": "present"
        },
        "plugins": {
          "kind": "present"
        },
        "plugins/README.md": {
          "kind": "present"
        },
        "plugins/adminer.js.php": {
          "kind": "present"
        },
        "plugins/backward-keys.php": {
          "kind": "present"
        },
        "plugins/before-unload.php": {
          "kind": "present"
        },
        "plugins/config.php": {
          "kind": "present"
        },
        "plugins/dark-switcher.php": {
          "kind": "present"
        },
        "plugins/database-hide.php": {
          "kind": "present"
        },
        "plugins/designs.php": {
          "kind": "present"
        },
        "plugins/drivers": {
          "kind": "present"
        },
        "plugins/drivers/README.md": {
          "kind": "present"
        },
        "plugins/drivers/clickhouse.php": {
          "kind": "present"
        },
        "plugins/drivers/elastic.php": {
          "kind": "present"
        },
        "plugins/drivers/firebird.php": {
          "kind": "present"
        },
        "plugins/drivers/igdb.php": {
          "kind": "present"
        },
        "plugins/drivers/imap.php": {
          "kind": "present"
        },
        "plugins/drivers/mongo.php": {
          "kind": "present"
        },
        "plugins/drivers/redis.php": {
          "kind": "present"
        },
        "plugins/drivers/simpledb.php": {
          "kind": "present"
        },
        "plugins/dump-alter.php": {
          "kind": "present"
        },
        "plugins/dump-bz2.php": {
          "kind": "present"
        },
        "plugins/dump-date.php": {
          "kind": "present"
        },
        "plugins/dump-json.php": {
          "kind": "present"
        },
        "plugins/dump-php.php": {
          "kind": "present"
        },
        "plugins/dump-xml.php": {
          "kind": "present"
        },
        "plugins/dump-zip.php": {
          "kind": "present"
        },
        "plugins/edit-calendar.php": {
          "kind": "present"
        },
        "plugins/edit-foreign.php": {
          "kind": "present"
        },
        "plugins/edit-textarea.php": {
          "kind": "present"
        },
        "plugins/editor-setup.php": {
          "kind": "present"
        },
        "plugins/editor-views.php": {
          "kind": "present"
        },
        "plugins/email-table.php": {
          "kind": "present"
        },
        "plugins/enum-option.php": {
          "kind": "present"
        },
        "plugins/file-upload.php": {
          "kind": "present"
        },
        "plugins/foreign-system.php": {
          "kind": "present"
        },
        "plugins/frames.php": {
          "kind": "present"
        },
        "plugins/highlight-codemirror.php": {
          "kind": "present"
        },
        "plugins/highlight-monaco.php": {
          "kind": "present"
        },
        "plugins/highlight-prism.php": {
          "kind": "present"
        },
        "plugins/json-column.php": {
          "kind": "present"
        },
        "plugins/login-ip.php": {
          "kind": "present"
        },
        "plugins/login-otp.php": {
          "kind": "present"
        },
        "plugins/login-password-less.php": {
          "kind": "present"
        },
        "plugins/login-reverse-proxy.php": {
          "kind": "present"
        },
        "plugins/login-servers.php": {
          "kind": "present"
        },
        "plugins/login-ssl.php": {
          "kind": "present"
        },
        "plugins/login-table.php": {
          "kind": "present"
        },
        "plugins/master-slave.php": {
          "kind": "present"
        },
        "plugins/menu-links.php": {
          "kind": "present"
        },
        "plugins/pretty-json-column.php": {
          "kind": "present"
        },
        "plugins/row-numbers.php": {
          "kind": "present"
        },
        "plugins/select-email.php": {
          "kind": "present"
        },
        "plugins/slugify.php": {
          "kind": "present"
        },
        "plugins/sql-gemini.php": {
          "kind": "present"
        },
        "plugins/sql-log.php": {
          "kind": "present"
        },
        "plugins/table-indexes-structure.php": {
          "kind": "present"
        },
        "plugins/table-structure.php": {
          "kind": "present"
        },
        "plugins/tables-filter.php": {
          "kind": "present"
        },
        "plugins/timeout.php": {
          "kind": "present"
        },
        "plugins/tinymce.php": {
          "kind": "present"
        },
        "plugins/translation.php": {
          "kind": "present"
        },
        "plugins/version-github.php": {
          "kind": "present"
        },
        "plugins/version-noverify.php": {
          "kind": "present"
        },
        "source.tar.gz": {
          "kind": "absent"
        }
      }
    },
    "builder:release:3": {
      "key": "ed22d769655b07b59c0c8ae118ad9a86ea0c2b199b375e1b98da0ed7d8bf97d6",
      "reads": {
        ".": {
          "kind": "directory-exists"
        },
        ".config/curlrc": {
          "kind": "absent"
        },
        ".curlrc": {
          "kind": "absent"
        }
      },
      "outputSnapshot": "/nix/store/r8q1110snn34zjl3w6za1444m5czh5s5-cix-step-output",
      "changes": {
        "adminer.php": {
          "kind": "present"
        }
      },
      "outputHashes": {
        "adminer.php": {
          "content": "dbba8af239d754f14106a8f25cc5825fb1fb8022941e6c95d65ce1006b187635"
        }
      }
    },
    "builder:release:4": {
      "key": "51480c50ad646e4fdd7f26d120e2cb7249c27570cf1e1b47f93b5dc3b42ff805",
      "reads": {
        ".": {
          "kind": "directory-exists"
        },
        ".config/curlrc": {
          "kind": "absent"
        },
        ".curlrc": {
          "kind": "absent"
        }
      },
      "outputSnapshot": "/nix/store/24cwsblrb949wmb8588jcr78k10disc2-cix-step-output",
      "changes": {
        "source.tar.gz": {
          "kind": "present"
        }
      },
      "outputHashes": {
        "source.tar.gz": {
          "content": "346e45a9f1a60fb82b4f54aed6fdd83af46f8ce23fa680bd4b75479d6f604659"
        }
      }
    },
    "builder:release:5": {
      "key": "b17f2d4fc493cefe96f36551ec63e859d93eab39925da54deb80aa9e762bef24",
      "reads": {
        ".": {
          "kind": "directory-exists"
        },
        "adminer.php": {
          "kind": "file",
          "hash": "1834715b7ff0a0538cb72b84728b01e66042725c42a07ddad7c35f53e7267259",
          "fingerprint": {
            "dev": 2307,
            "inode": 23392302,
            "mtimeNs": 109360353,
            "size": 515911,
            "len": 515911,
            "mode": 33188
          }
        },
        "output": {
          "kind": "absent"
        },
        "source.tar.gz": {
          "kind": "file",
          "hash": "666b75dca9b12b032389ad74a3e581be3f4c3005aa9f71d17d1555cbbf570ad7",
          "fingerprint": {
            "dev": 2307,
            "inode": 23392303,
            "mtimeNs": 833367831,
            "size": 674926,
            "len": 674926,
            "mode": 33188
          }
        }
      },
      "changes": {
        "output/adminer.php": {
          "kind": "present"
        },
        "output/designs": {
          "kind": "present"
        },
        "output/designs/README.md": {
          "kind": "present"
        },
        "output/designs/adminer-dark": {
          "kind": "present"
        },
        "output/designs/adminer-dark/README.md": {
          "kind": "present"
        },
        "output/designs/adminer-dark/adminer-dark.css": {
          "kind": "present"
        },
        "output/designs/brade": {
          "kind": "present"
        },
        "output/designs/brade/README.md": {
          "kind": "present"
        },
        "output/designs/brade/adminer.css": {
          "kind": "present"
        },
        "output/designs/bueltge": {
          "kind": "present"
        },
        "output/designs/bueltge/README.md": {
          "kind": "present"
        },
        "output/designs/bueltge/adminer.css": {
          "kind": "present"
        },
        "output/designs/dracula": {
          "kind": "present"
        },
        "output/designs/dracula/README.md": {
          "kind": "present"
        },
        "output/designs/dracula/adminer-dark.css": {
          "kind": "present"
        },
        "output/designs/esterka": {
          "kind": "present"
        },
        "output/designs/esterka/README.md": {
          "kind": "present"
        },
        "output/designs/esterka/adminer.css": {
          "kind": "present"
        },
        "output/designs/flat": {
          "kind": "present"
        },
        "output/designs/flat/README.md": {
          "kind": "present"
        },
        "output/designs/flat/adminer.css": {
          "kind": "present"
        },
        "output/designs/galkaev": {
          "kind": "present"
        },
        "output/designs/galkaev/README.md": {
          "kind": "present"
        },
        "output/designs/galkaev/adminer-dark.css": {
          "kind": "present"
        },
        "output/designs/haeckel": {
          "kind": "present"
        },
        "output/designs/haeckel/README.md": {
          "kind": "present"
        },
        "output/designs/haeckel/adminer.css": {
          "kind": "present"
        },
        "output/designs/hever": {
          "kind": "present"
        },
        "output/designs/hever/README.md": {
          "kind": "present"
        },
        "output/designs/hever/adminer.css": {
          "kind": "present"
        },
        "output/designs/konya": {
          "kind": "present"
        },
        "output/designs/konya/README.md": {
          "kind": "present"
        },
        "output/designs/konya/adminer.css": {
          "kind": "present"
        },
        "output/designs/lavender-light": {
          "kind": "present"
        },
        "output/designs/lavender-light/README.md": {
          "kind": "present"
        },
        "output/designs/lavender-light/adminer.css": {
          "kind": "present"
        },
        "output/designs/lucas-sandery": {
          "kind": "present"
        },
        "output/designs/lucas-sandery/README.md": {
          "kind": "present"
        },
        "output/designs/lucas-sandery/adminer.css": {
          "kind": "present"
        },
        "output/designs/mancave": {
          "kind": "present"
        },
        "output/designs/mancave/README.md": {
          "kind": "present"
        },
        "output/designs/mancave/adminer-dark.css": {
          "kind": "present"
        },
        "output/designs/mvt": {
          "kind": "present"
        },
        "output/designs/mvt/README.md": {
          "kind": "present"
        },
        "output/designs/mvt/adminer.css": {
          "kind": "present"
        },
        "output/designs/nette": {
          "kind": "present"
        },
        "output/designs/nette/README.md": {
          "kind": "present"
        },
        "output/designs/nette/adminer.css": {
          "kind": "present"
        },
        "output/designs/ng9": {
          "kind": "present"
        },
        "output/designs/ng9/README.md": {
          "kind": "present"
        },
        "output/designs/ng9/adminer.css": {
          "kind": "present"
        },
        "output/designs/nicu": {
          "kind": "present"
        },
        "output/designs/nicu/README.md": {
          "kind": "present"
        },
        "output/designs/nicu/adminer.css": {
          "kind": "present"
        },
        "output/designs/pappu687": {
          "kind": "present"
        },
        "output/designs/pappu687/README.md": {
          "kind": "present"
        },
        "output/designs/pappu687/adminer.css": {
          "kind": "present"
        },
        "output/designs/paranoiq": {
          "kind": "present"
        },
        "output/designs/paranoiq/README.md": {
          "kind": "present"
        },
        "output/designs/paranoiq/adminer.css": {
          "kind": "present"
        },
        "output/designs/pepa-linha": {
          "kind": "present"
        },
        "output/designs/pepa-linha/README.md": {
          "kind": "present"
        },
        "output/designs/pepa-linha/adminer.css": {
          "kind": "present"
        },
        "output/designs/pokorny": {
          "kind": "present"
        },
        "output/designs/pokorny/README.md": {
          "kind": "present"
        },
        "output/designs/pokorny/adminer.css": {
          "kind": "present"
        },
        "output/designs/price": {
          "kind": "present"
        },
        "output/designs/price/README.md": {
          "kind": "present"
        },
        "output/designs/price/adminer.css": {
          "kind": "present"
        },
        "output/designs/rmsoft": {
          "kind": "present"
        },
        "output/designs/rmsoft/README.md": {
          "kind": "present"
        },
        "output/designs/rmsoft/adminer.css": {
          "kind": "present"
        },
        "output/designs/rmsoft_blue": {
          "kind": "present"
        },
        "output/designs/rmsoft_blue-dark": {
          "kind": "present"
        },
        "output/designs/rmsoft_blue-dark/README.md": {
          "kind": "present"
        },
        "output/designs/rmsoft_blue-dark/adminer.css": {
          "kind": "present"
        },
        "output/designs/rmsoft_blue/README.md": {
          "kind": "present"
        },
        "output/designs/rmsoft_blue/adminer.css": {
          "kind": "present"
        },
        "output/designs/win98": {
          "kind": "present"
        },
        "output/designs/win98/README.md": {
          "kind": "present"
        },
        "output/designs/win98/adminer.css": {
          "kind": "present"
        },
        "output/plugins": {
          "kind": "present"
        },
        "output/plugins/README.md": {
          "kind": "present"
        },
        "output/plugins/adminer.js.php": {
          "kind": "present"
        },
        "output/plugins/backward-keys.php": {
          "kind": "present"
        },
        "output/plugins/before-unload.php": {
          "kind": "present"
        },
        "output/plugins/config.php": {
          "kind": "present"
        },
        "output/plugins/dark-switcher.php": {
          "kind": "present"
        },
        "output/plugins/database-hide.php": {
          "kind": "present"
        },
        "output/plugins/designs.php": {
          "kind": "present"
        },
        "output/plugins/drivers": {
          "kind": "present"
        },
        "output/plugins/drivers/README.md": {
          "kind": "present"
        },
        "output/plugins/drivers/clickhouse.php": {
          "kind": "present"
        },
        "output/plugins/drivers/elastic.php": {
          "kind": "present"
        },
        "output/plugins/drivers/firebird.php": {
          "kind": "present"
        },
        "output/plugins/drivers/igdb.php": {
          "kind": "present"
        },
        "output/plugins/drivers/imap.php": {
          "kind": "present"
        },
        "output/plugins/drivers/mongo.php": {
          "kind": "present"
        },
        "output/plugins/drivers/redis.php": {
          "kind": "present"
        },
        "output/plugins/drivers/simpledb.php": {
          "kind": "present"
        },
        "output/plugins/dump-alter.php": {
          "kind": "present"
        },
        "output/plugins/dump-bz2.php": {
          "kind": "present"
        },
        "output/plugins/dump-date.php": {
          "kind": "present"
        },
        "output/plugins/dump-json.php": {
          "kind": "present"
        },
        "output/plugins/dump-php.php": {
          "kind": "present"
        },
        "output/plugins/dump-xml.php": {
          "kind": "present"
        },
        "output/plugins/dump-zip.php": {
          "kind": "present"
        },
        "output/plugins/edit-calendar.php": {
          "kind": "present"
        },
        "output/plugins/edit-foreign.php": {
          "kind": "present"
        },
        "output/plugins/edit-textarea.php": {
          "kind": "present"
        },
        "output/plugins/editor-setup.php": {
          "kind": "present"
        },
        "output/plugins/editor-views.php": {
          "kind": "present"
        },
        "output/plugins/email-table.php": {
          "kind": "present"
        },
        "output/plugins/enum-option.php": {
          "kind": "present"
        },
        "output/plugins/file-upload.php": {
          "kind": "present"
        },
        "output/plugins/foreign-system.php": {
          "kind": "present"
        },
        "output/plugins/frames.php": {
          "kind": "present"
        },
        "output/plugins/highlight-codemirror.php": {
          "kind": "present"
        },
        "output/plugins/highlight-monaco.php": {
          "kind": "present"
        },
        "output/plugins/highlight-prism.php": {
          "kind": "present"
        },
        "output/plugins/json-column.php": {
          "kind": "present"
        },
        "output/plugins/login-ip.php": {
          "kind": "present"
        },
        "output/plugins/login-otp.php": {
          "kind": "present"
        },
        "output/plugins/login-password-less.php": {
          "kind": "present"
        },
        "output/plugins/login-reverse-proxy.php": {
          "kind": "present"
        },
        "output/plugins/login-servers.php": {
          "kind": "present"
        },
        "output/plugins/login-ssl.php": {
          "kind": "present"
        },
        "output/plugins/login-table.php": {
          "kind": "present"
        },
        "output/plugins/master-slave.php": {
          "kind": "present"
        },
        "output/plugins/menu-links.php": {
          "kind": "present"
        },
        "output/plugins/pretty-json-column.php": {
          "kind": "present"
        },
        "output/plugins/row-numbers.php": {
          "kind": "present"
        },
        "output/plugins/select-email.php": {
          "kind": "present"
        },
        "output/plugins/slugify.php": {
          "kind": "present"
        },
        "output/plugins/sql-gemini.php": {
          "kind": "present"
        },
        "output/plugins/sql-log.php": {
          "kind": "present"
        },
        "output/plugins/table-indexes-structure.php": {
          "kind": "present"
        },
        "output/plugins/table-structure.php": {
          "kind": "present"
        },
        "output/plugins/tables-filter.php": {
          "kind": "present"
        },
        "output/plugins/timeout.php": {
          "kind": "present"
        },
        "output/plugins/tinymce.php": {
          "kind": "present"
        },
        "output/plugins/translation.php": {
          "kind": "present"
        },
        "output/plugins/version-github.php": {
          "kind": "present"
        },
        "output/plugins/version-noverify.php": {
          "kind": "present"
        }
      }
    }
  },
  "devEnvs": {
    "0c893f7880636a08462d076382173a67170e69179867c354685cdb0c8d583b1d:27505dcc3766c206e663efc833aa983bf85ee98b13ef78617a0ca492ad318652": {
      "environment": {
        "SYSTEM_CERTIFICATE_PATH": "/nix/store/k7bij71h4wsgl7g18pbsdzxfnmanhnq2-nss-cacert-3.126/etc/ssl/certs/ca-bundle.crt",
        "XDG_DATA_DIRS": "/nix/store/bwry105g7v5jspr41bx9x3fcfqsmfkq2-bash-interactive-5.3p15/share:/nix/store/d0a0g5q9spi04dpz89n4wqnzv8synh73-curl-8.21.0-dev/share:/nix/store/m0nph6b8w876i1y5gpprmghi76fd06kk-brotli-1.2.0/share:/nix/store/qiwg67zp9w898zwr57g2lnhmhk0bifxa-krb5-1.22.2-lib/share:/nix/store/174ld31gjiv9k1gy4hnpjidrffwcwi6l-krb5-1.22.2/share:/nix/store/j30jxkm8hx4p7q3vpk946ljfc0rw43z4-nghttp2-1.69.0/share:/nix/store/alpmn3xfcx3ks489ryi261ws2m1ijlza-libidn2-2.3.8-bin/share:/nix/store/7svf4fa139ajvhfaxry3smvlbhrnraq1-libidn2-2.3.8/share:/nix/store/n1axb0xwihqfzijxmcna23rnw8h9c8s3-publicsuffix-list-0-unstable-2026-06-24/share:/nix/store/z5kci0gxs7yw3b6h341r10jsmkmvz2wq-libpsl-0.21.5/share:/nix/store/h4si9iyvqy1aaqy4piqw0pj2c6snmz69-zlib-1.3.2-dev/share:/nix/store/fkcbg2c1w29jr5yp9awai9w3v1wvxdk9-zlib-1.3.2/share:/nix/store/9nizcmvz2699nkrbzxx8xsp5d8jp686w-zstd-1.5.7/share:/nix/store/3cp4kw4376flmhlxxi4w2jkancv3irp8-gnutar-1.35/share:/nix/store/pzvcwi6y0vfmfpni6b52jwy9x6sj1yv1-patchelf-0.15.2/share"
      }
    }
  },
  "builderDevEnvs": {
    "adminer-release": "0c893f7880636a08462d076382173a67170e69179867c354685cdb0c8d583b1d:27505dcc3766c206e663efc833aa983bf85ee98b13ef78617a0ca492ad318652",
    "release": "0c893f7880636a08462d076382173a67170e69179867c354685cdb0c8d583b1d:27505dcc3766c206e663efc833aa983bf85ee98b13ef78617a0ca492ad318652"
  },
  "outputs": {
    "adminer": {
      "sourceHash": "efda07a935df92ef886084c17948c3a750744376a41512ca84db6dfac157e99f",
      "storePath": "/nix/store/nqlf99y0hqqsis7msmjfg9sdgbpbsdr2-cix-item-adminer"
    }
  }
}
