{
  "inputs": {
    "pkgs": {
      "url": "github:NixOS/nixpkgs/nixos-unstable",
      "rev": "643809054d65fdd466a63e3155b8c498cb483c04",
      "narHash": "sha256-vUfIeBEfpbAfZ5zjgIkYk7eHBeVfCYVjLbWnMkseYnk=",
      "lastModified": 1785692966
    }
  },
  "outputs": {
    "adminer": {
      "sourceHash": "bb35bcc64e64286ea6814b10f3fc4e577b9b065ce2aea3d0b4741f0471169d10",
      "storePath": "/nix/store/4jv9kwqbadgwpqrvmkk5rfmiyyg6lv7z-cix-item-adminer"
    }
  }
}
