{
  "inputs": {
    "pkgs": {
      "url": "github:NixOS/nixpkgs/nixos-unstable",
      "rev": "e72e4f299401a3689d4b3d5fc6496b11db7064eb",
      "narHash": "sha256-8fsyqeO+mJqvIzeO4xIpgJe/f7MTbbVTEC6RT6WSXNs=",
      "lastModified": 1785828668
    }
  },
  "outputs": {
    "postgres": {
      "sourceHash": "224c084229634a79d321822a0ed3658c8e6557f13a4a5a0843bcdada641e60cf",
      "storePath": "/nix/store/rlvrgga96ibd97c6fvvcpcanh66afmkz-cix-item-postgres"
    }
  }
}
