{
  "inputs": {
    "pkgs": {
      "url": "github:NixOS/nixpkgs/9cf7092bdd603554bd8b63c216e8943cf9b12512",
      "rev": "9cf7092bdd603554bd8b63c216e8943cf9b12512",
      "narHash": "sha256-9tpvMGFteZnd3gRQZFlRCohVpqooygFuy9yjuyRL2C0="
    },
    "src": {
      "url": "github:mathijshenquet/gitsitter",
      "rev": "29c8a2dede19b5e7d1bd7e65f81829fa0ac66ecd",
      "narHash": "sha256-fe5j7cpObzeAatIfIyxNPPY0/gjqpY/0EK3aR92u15k="
    }
  },
  "fetches": {
    "builder:build:3-931067a93fe1": {
      "paths": {
        "target/release/gitsitter": "sha256-NywkGX47LrMn8I/2vzkBO2476pSUUV2tSm8UHfu2EUE="
      }
    },
    "builder:build:3-d5d4736ecc13": {
      "paths": {
        "target/release/gitsitter": "sha256-NywkGX47LrMn8I/2vzkBO2476pSUUV2tSm8UHfu2EUE="
      }
    }
  },
  "memo": {
    "4f674877bdf4122af8fcd8b201b34c035d645decaf884ea9a82414894c5bbca0": {
      "paths": {
        "target/release/gitsitter": {
          "narHash": "sha256-NywkGX47LrMn8I/2vzkBO2476pSUUV2tSm8UHfu2EUE=",
          "storePath": "/nix/store/qj0ppi7dif80r8dmxnm4mgjn5r0b6ykp-cix-build-consumed"
        }
      }
    },
    "64d5d53ae3f4955b77e3c1d5fa988ec3074e2f923af063a8be20d77060a108ac": {
      "paths": {
        "target/release/gitsitter": {
          "narHash": "sha256-NywkGX47LrMn8I/2vzkBO2476pSUUV2tSm8UHfu2EUE=",
          "storePath": "/nix/store/qj0ppi7dif80r8dmxnm4mgjn5r0b6ykp-cix-build-consumed"
        }
      }
    },
    "741c456e544a6b1c69460291b5376ec860466e9d3e5d289921875027939e8539": {
      "paths": {
        "target/release/gitsitter": {
          "narHash": "sha256-NywkGX47LrMn8I/2vzkBO2476pSUUV2tSm8UHfu2EUE=",
          "storePath": "/nix/store/qj0ppi7dif80r8dmxnm4mgjn5r0b6ykp-cix-build-consumed"
        }
      }
    },
    "d6ea127704ea07a37acd50e8927420fed11a1237a85f99456583406fe632f609": {
      "paths": {
        "target/release/gitsitter": {
          "narHash": "sha256-NywkGX47LrMn8I/2vzkBO2476pSUUV2tSm8UHfu2EUE=",
          "storePath": "/nix/store/qj0ppi7dif80r8dmxnm4mgjn5r0b6ykp-cix-build-consumed"
        }
      }
    }
  },
  "devEnvs": {
    "9cf7092bdd603554bd8b63c216e8943cf9b12512:18a6d4d47b9fe002b608432ae9a247ee79bdbbaf4ba0e40c17319eaec2d21334": {
      "environment": {
        "PKG_CONFIG_PATH": "/nix/store/pg04l21ca5xaif9hplyi09lhqxbipkcx-bash-interactive-5.3p9-dev/lib/pkgconfig:/nix/store/zw11j5a7rz1cfyqp1gncm0hsnwdhf54a-libgit2-1.9.2-dev/lib/pkgconfig:/nix/store/1p14m1hrdkykyxs0l6wg7y29ahppcnsr-openssl-3.6.1-dev/lib/pkgconfig:/nix/store/5j4mx4vckmmms2spy8x8kqjxcb12kpf5-sqlite-3.51.2-dev/lib/pkgconfig",
        "SYSTEM_CERTIFICATE_PATH": "/nix/store/xz51wpr8fwvyrwz32z7b13b229d1v8p6-nss-cacert-3.119.1/etc/ssl/certs/ca-bundle.crt",
        "XDG_DATA_DIRS": "/nix/store/0550j0i8bmzxbcnzrg1g51zigj7y12ih-bash-interactive-5.3p9/share:/nix/store/p96faw8wiwi10cy94hr42gzmiapv15fm-cargo-1.93.0/share:/nix/store/1nv3i8mpypy3d516f4pd95m0w72r73jy-pkg-config-wrapper-0.29.2/share:/nix/store/590yx3aynyhs48jyk8ip37fk1mjqfhkb-patchelf-0.15.2/share"
      }
    }
  },
  "outputs": {
    "gitsitter": {
      "sourceHash": "def5c68153a75a2461306e7b0b9bc19c14eea62b083d40925d582cbb3d61a615",
      "storePath": "/nix/store/fniw9p1i9k9xchyzak5clj66vpxn8vgy-cix-item-gitsitter"
    }
  }
}
