{
  "inputs": {
    "pkgs": {
      "url": "github:NixOS/nixpkgs/nixos-unstable",
      "rev": "0954f7ee2f6bb3dc7d4e3d0d8bcb8fd4bde4cfc5",
      "narHash": "sha256-dN6Ou5x/+23FZLEpYP3IffO+NyJFzUlGumt1uu3MMaY="
    }
  },
  "fetches": {
    "builder:build:1-d1134e7bd38c": {
      "narHash": "sha256-LBGSQqb5XFhk/Gw+BGVjk92doNaDsWyrFCS7BqAOsg4="
    },
    "builder:build:2-9514b3517c82": {
      "narHash": "sha256-vJoW/5AYx/PLCme0WMsPdxHqXsYBjxKQl+0jGLkvFB8="
    }
  }
}
