{
  "inputs": {
    "pkgs": {
      "url": "github:NixOS/nixpkgs/nixos-unstable",
      "rev": "643809054d65fdd466a63e3155b8c498cb483c04",
      "narHash": "sha256-vUfIeBEfpbAfZ5zjgIkYk7eHBeVfCYVjLbWnMkseYnk=",
      "lastModified": 1785692966
    }
  },
  "outputs": {
    "nginx": {
      "sourceHash": "2289625103e7245081b02115293cc8910f4da9520cdb8104152ec153e26dfba0",
      "storePath": "/nix/store/r2y6y2wx6vmia0iawn2qlidvwbq2dr8k-cix-item-nginx"
    }
  }
}
