{
  "inputs": {
    "pkgs": {
      "url": "github:NixOS/nixpkgs/nixos-unstable",
      "rev": "e72e4f299401a3689d4b3d5fc6496b11db7064eb",
      "narHash": "sha256-8fsyqeO+mJqvIzeO4xIpgJe/f7MTbbVTEC6RT6WSXNs=",
      "lastModified": 1785828668
    }
  },
  "outputs": {
    "streaming": {
      "sourceHash": "d3d1a94ea85f1e0ba79086ba19f0158083fb7e4f4bc151d51737ccbbc22d708e",
      "storePath": "/nix/store/ja9qyk1m0ldczqa42nh230gfrpyvq26r-cix-item-streaming"
    }
  }
}
