{
  "inputs": {
    "pkgs": {
      "url": "github:NixOS/nixpkgs/nixos-unstable",
      "rev": "643809054d65fdd466a63e3155b8c498cb483c04",
      "narHash": "sha256-vUfIeBEfpbAfZ5zjgIkYk7eHBeVfCYVjLbWnMkseYnk=",
      "lastModified": 1785692966
    }
  },
  "outputs": {
    "traefik": {
      "sourceHash": "f6a95a812a01e04f7aaeac195ac47fdbb3d223458bbd13972d03b52a8603bf0b",
      "storePath": "/nix/store/h3c65zmdkfbihrj4lpcdxvmdrvqp3f6q-cix-item-traefik"
    }
  }
}
