{
  "inputs": {
    "pkgs": {
      "url": "github:NixOS/nixpkgs/nixos-unstable",
      "rev": "643809054d65fdd466a63e3155b8c498cb483c04",
      "narHash": "sha256-vUfIeBEfpbAfZ5zjgIkYk7eHBeVfCYVjLbWnMkseYnk=",
      "lastModified": 1785692966
    }
  },
  "fetches": {
    "builder:release:1-5dd05e82158e": {
      "snapshotNarHash": "sha256-4FP6p6zfnSgVPgMB9Ie6VlSrK6/2RomxTcU5S7YUdM4=",
      "paths": {
        "output/traefik": "sha256-BpWJ8opIqgmNEtbg5TIOdCeHnYSBZRd9grY/VuOzwto="
      }
    },
    "builder:release:2-901089f09bf8": {
      "snapshotNarHash": "sha256-dwK9JraOQJr3AneSPN8itW4XDwkSqJi4bKql6HGPw/Y=",
      "paths": {
        "output/traefik": "sha256-BpWJ8opIqgmNEtbg5TIOdCeHnYSBZRd9grY/VuOzwto="
      }
    }
  },
  "memo": {
    "19f8587fa7507d5be50b870e45a71826d27d7c8e1cc95f9bea8ce5aec95d7130": {
      "paths": {
        "output/traefik": {
          "narHash": "sha256-BpWJ8opIqgmNEtbg5TIOdCeHnYSBZRd9grY/VuOzwto=",
          "storePath": "/nix/store/4zx9xz4hfg9v8d0r591rrbnm16lrvnrz-cix-build-consumed"
        }
      }
    },
    "b2f971b78c5459c712aeedd659d81e6d797308930960fbe94a095a77c43848d3": {
      "paths": {
        "output/traefik": {
          "narHash": "sha256-BpWJ8opIqgmNEtbg5TIOdCeHnYSBZRd9grY/VuOzwto=",
          "storePath": "/nix/store/4zx9xz4hfg9v8d0r591rrbnm16lrvnrz-cix-build-consumed"
        }
      }
    },
    "c3124debccfd4ec58b7a2021d5a8ad8fb2cff1e21bab486e16e0a24e0307f8a6": {
      "paths": {
        "output/traefik": {
          "narHash": "sha256-BpWJ8opIqgmNEtbg5TIOdCeHnYSBZRd9grY/VuOzwto=",
          "storePath": "/nix/store/4zx9xz4hfg9v8d0r591rrbnm16lrvnrz-cix-build-consumed"
        }
      }
    },
    "d75ab1add5d228cf939edade2958c1a16842765e6f345a1331482a907c727d59": {
      "paths": {
        "output/traefik": {
          "narHash": "sha256-BpWJ8opIqgmNEtbg5TIOdCeHnYSBZRd9grY/VuOzwto=",
          "storePath": "/nix/store/4zx9xz4hfg9v8d0r591rrbnm16lrvnrz-cix-build-consumed"
        }
      }
    },
    "ff83bd496be21ed456a8b7c84de011d33b5a7a13fdccf1b03d869de45dd8267c": {
      "paths": {
        "output/traefik": {
          "narHash": "sha256-BpWJ8opIqgmNEtbg5TIOdCeHnYSBZRd9grY/VuOzwto=",
          "storePath": "/nix/store/4zx9xz4hfg9v8d0r591rrbnm16lrvnrz-cix-build-consumed"
        }
      }
    }
  },
  "stepMemo": {
    "builder:release:1": {
      "key": "5a83163cf10cf66f0c0c814e0117b488c207c18b76c607a55c4c1fb12a33e848",
      "reads": {
        ".": {
          "kind": "directory-exists"
        },
        ".config/curlrc": {
          "kind": "absent"
        },
        ".curlrc": {
          "kind": "absent"
        }
      },
      "outputSnapshot": "/nix/store/7ksjq68agvx7s9l5nvkp8x2lhmkhd8d3-cix-step-output",
      "changes": {
        "release.json": {
          "kind": "present"
        }
      },
      "outputHashes": {
        "release.json": {
          "content": "68cabc4cca871e89009fd6e42462fb25cb9f852048e027908591eb235e3ab2c0"
        }
      }
    },
    "builder:release:2": {
      "key": "850a7a7bd0bd4c125529672a1567c5b781ecb1d983a51a2e4e4c2f24f000eaf3",
      "reads": {
        ".": {
          "kind": "directory-exists"
        },
        ".config/curlrc": {
          "kind": "absent"
        },
        ".curlrc": {
          "kind": "absent"
        },
        ".jq": {
          "kind": "absent"
        },
        "jq": {
          "kind": "absent"
        },
        "jq/main.jq": {
          "kind": "absent"
        },
        "release.json": {
          "kind": "file",
          "hash": "a3805d9c33af237aee6e5ddcb287a6d2ff6f2be18c2ed13c6b1a54e741c8c210",
          "fingerprint": {
            "dev": 2307,
            "inode": 19936963,
            "mtimeNs": 940030261,
            "size": 42824,
            "len": 42824,
            "mode": 33188
          }
        }
      },
      "outputSnapshot": "/nix/store/wv40scb8pnlv65d5pn05r6772iqs3d57-cix-step-output",
      "changes": {
        "traefik.tar.gz": {
          "kind": "present"
        }
      },
      "outputHashes": {
        "traefik.tar.gz": {
          "content": "3e3193f7a57b717d0015bbc873ca8777697dd3e2807d16f9a920985501e39def"
        }
      }
    },
    "builder:release:3": {
      "key": "e16edc7f8c4bf3806c8f13bf5e5b78ccee2173791660e4aed937b6844b8484ba",
      "reads": {
        ".": {
          "kind": "directory-exists"
        },
        "traefik.tar.gz": {
          "kind": "file",
          "hash": "180a10923242afdd4a4c4118a6a8af859a7c34c62accba04bcd3381f63576a77",
          "fingerprint": {
            "dev": 2307,
            "inode": 19937028,
            "mtimeNs": 947678907,
            "size": 46325856,
            "len": 46325856,
            "mode": 33188
          }
        }
      },
      "changes": {
        "traefik": {
          "kind": "present"
        }
      }
    },
    "builder:release:4": {
      "key": "5eb54afb1aa12efc4bedf2a91d8ff0fce6247ca9855df6a322f4e0b2c9f6ed93",
      "reads": {
        ".": {
          "kind": "directory-exists"
        },
        "traefik": {
          "kind": "file",
          "hash": "83264cd9ea59a373410d8ac631945a3dfdbc453517fa15a818a37b97afa7fba1",
          "fingerprint": {
            "dev": 2307,
            "inode": 19937038,
            "mtimeNs": 0,
            "size": 171536568,
            "len": 171536568,
            "mode": 33261
          }
        }
      },
      "changes": {
        "output/traefik": {
          "kind": "present"
        }
      }
    }
  },
  "devEnvs": {
    "0c893f7880636a08462d076382173a67170e69179867c354685cdb0c8d583b1d:2cb310efce9c429297353e07ac51dd04bc0131b35fb810371930588475212a73": {
      "environment": {
        "SYSTEM_CERTIFICATE_PATH": "/nix/store/k7bij71h4wsgl7g18pbsdzxfnmanhnq2-nss-cacert-3.126/etc/ssl/certs/ca-bundle.crt",
        "XDG_DATA_DIRS": "/nix/store/bwry105g7v5jspr41bx9x3fcfqsmfkq2-bash-interactive-5.3p15/share:/nix/store/d0a0g5q9spi04dpz89n4wqnzv8synh73-curl-8.21.0-dev/share:/nix/store/m0nph6b8w876i1y5gpprmghi76fd06kk-brotli-1.2.0/share:/nix/store/qiwg67zp9w898zwr57g2lnhmhk0bifxa-krb5-1.22.2-lib/share:/nix/store/174ld31gjiv9k1gy4hnpjidrffwcwi6l-krb5-1.22.2/share:/nix/store/j30jxkm8hx4p7q3vpk946ljfc0rw43z4-nghttp2-1.69.0/share:/nix/store/alpmn3xfcx3ks489ryi261ws2m1ijlza-libidn2-2.3.8-bin/share:/nix/store/7svf4fa139ajvhfaxry3smvlbhrnraq1-libidn2-2.3.8/share:/nix/store/n1axb0xwihqfzijxmcna23rnw8h9c8s3-publicsuffix-list-0-unstable-2026-06-24/share:/nix/store/z5kci0gxs7yw3b6h341r10jsmkmvz2wq-libpsl-0.21.5/share:/nix/store/h4si9iyvqy1aaqy4piqw0pj2c6snmz69-zlib-1.3.2-dev/share:/nix/store/fkcbg2c1w29jr5yp9awai9w3v1wvxdk9-zlib-1.3.2/share:/nix/store/9nizcmvz2699nkrbzxx8xsp5d8jp686w-zstd-1.5.7/share:/nix/store/3cp4kw4376flmhlxxi4w2jkancv3irp8-gnutar-1.35/share:/nix/store/pzvcwi6y0vfmfpni6b52jwy9x6sj1yv1-patchelf-0.15.2/share"
      }
    },
    "0c893f7880636a08462d076382173a67170e69179867c354685cdb0c8d583b1d:47519b1c576a767b580005b9de3dd2dccca0dbf4a29c3c74e7f678870e3b80f3": {
      "environment": {
        "SYSTEM_CERTIFICATE_PATH": "/nix/store/k7bij71h4wsgl7g18pbsdzxfnmanhnq2-nss-cacert-3.126/etc/ssl/certs/ca-bundle.crt",
        "XDG_DATA_DIRS": "/nix/store/bwry105g7v5jspr41bx9x3fcfqsmfkq2-bash-interactive-5.3p15/share:/nix/store/d0a0g5q9spi04dpz89n4wqnzv8synh73-curl-8.21.0-dev/share:/nix/store/m0nph6b8w876i1y5gpprmghi76fd06kk-brotli-1.2.0/share:/nix/store/qiwg67zp9w898zwr57g2lnhmhk0bifxa-krb5-1.22.2-lib/share:/nix/store/174ld31gjiv9k1gy4hnpjidrffwcwi6l-krb5-1.22.2/share:/nix/store/j30jxkm8hx4p7q3vpk946ljfc0rw43z4-nghttp2-1.69.0/share:/nix/store/alpmn3xfcx3ks489ryi261ws2m1ijlza-libidn2-2.3.8-bin/share:/nix/store/7svf4fa139ajvhfaxry3smvlbhrnraq1-libidn2-2.3.8/share:/nix/store/n1axb0xwihqfzijxmcna23rnw8h9c8s3-publicsuffix-list-0-unstable-2026-06-24/share:/nix/store/z5kci0gxs7yw3b6h341r10jsmkmvz2wq-libpsl-0.21.5/share:/nix/store/h4si9iyvqy1aaqy4piqw0pj2c6snmz69-zlib-1.3.2-dev/share:/nix/store/fkcbg2c1w29jr5yp9awai9w3v1wvxdk9-zlib-1.3.2/share:/nix/store/9nizcmvz2699nkrbzxx8xsp5d8jp686w-zstd-1.5.7/share:/nix/store/3cp4kw4376flmhlxxi4w2jkancv3irp8-gnutar-1.35/share:/nix/store/pzvcwi6y0vfmfpni6b52jwy9x6sj1yv1-patchelf-0.15.2/share"
      }
    },
    "0c893f7880636a08462d076382173a67170e69179867c354685cdb0c8d583b1d:ea32cad0e73778633c1e68cea4d2e8d9184225a11ed723bd101535e04650c754": {
      "environment": {
        "SYSTEM_CERTIFICATE_PATH": "/nix/store/k7bij71h4wsgl7g18pbsdzxfnmanhnq2-nss-cacert-3.126/etc/ssl/certs/ca-bundle.crt",
        "XDG_DATA_DIRS": "/nix/store/bwry105g7v5jspr41bx9x3fcfqsmfkq2-bash-interactive-5.3p15/share:/nix/store/3cp4kw4376flmhlxxi4w2jkancv3irp8-gnutar-1.35/share:/nix/store/ic1qsvxgbc1zfi55g2wmxa8d2zri0qqw-wget-1.25.0/share:/nix/store/pzvcwi6y0vfmfpni6b52jwy9x6sj1yv1-patchelf-0.15.2/share"
      }
    }
  },
  "builderDevEnvs": {
    "release": "0c893f7880636a08462d076382173a67170e69179867c354685cdb0c8d583b1d:2cb310efce9c429297353e07ac51dd04bc0131b35fb810371930588475212a73"
  },
  "outputs": {
    "traefik": {
      "sourceHash": "cd43df248f7d668a61b348a3f82a83be5e4c1999902297e5e520e46d399bc82d",
      "storePath": "/nix/store/3b3fy3i4waczrpdliwldcaqqfc9sah8h-cix-item-traefik"
    }
  }
}
