{
  "inputs": {
    "pkgs": {
      "url": "github:NixOS/nixpkgs/nixos-unstable",
      "rev": "e72e4f299401a3689d4b3d5fc6496b11db7064eb",
      "narHash": "sha256-8fsyqeO+mJqvIzeO4xIpgJe/f7MTbbVTEC6RT6WSXNs=",
      "lastModified": 1785828668
    }
  },
  "outputs": {
    "redis": {
      "sourceHash": "a43c76e6073539a8e85c70701794773bd2ee9046e506befba4daf87da03eae18",
      "storePath": "/nix/store/ncasnv8rpcvri8dr3xlik0nnnnpklqrw-cix-item-redis"
    }
  }
}
