{
  "inputs": {
    "pkgs": {
      "url": "github:NixOS/nixpkgs/nixos-unstable",
      "rev": "e72e4f299401a3689d4b3d5fc6496b11db7064eb",
      "narHash": "sha256-8fsyqeO+mJqvIzeO4xIpgJe/f7MTbbVTEC6RT6WSXNs=",
      "lastModified": 1785828668
    }
  },
  "fetches": {
    "builder:assets:0-98f9d79d6553": {
      "narHash": "sha256-84v+HnEZ/9AwHhsD3ZeZ4DuCgyrw8/LEL6PTxGwsUrY=",
      "snapshotNarHash": "sha256-84v+HnEZ/9AwHhsD3ZeZ4DuCgyrw8/LEL6PTxGwsUrY="
    },
    "builder:assets:1-c2fa3ad48195": {
      "narHash": "sha256-rBR2z6KgBLjXqhqVUKjUsqCnrUaqoig+OGdPJK2f/XM=",
      "snapshotNarHash": "sha256-rBR2z6KgBLjXqhqVUKjUsqCnrUaqoig+OGdPJK2f/XM="
    }
  },
  "memo": {
    "bfb5c594a00bc24e3eec52462d3c093460b3aee4211135358ab0280bf6226490": {
      "paths": {
        "Caddyfile": {
          "narHash": "sha256-ixstwSlQcp0ljAMb8ReHfThhv903twdfRY3aO4r5euI=",
          "storePath": "/nix/store/nkv9dycks0l7jnvdy9mhbsldslzqki8a-cix-build-consumed"
        },
        "index.html": {
          "narHash": "sha256-uJtnzo3Z27Iu2mG78VR4VvMZFcHkkEVRxc5ZJbQ3otg=",
          "storePath": "/nix/store/7nj3nasw8sp4q028rv5k6msnr5698jxp-cix-build-consumed"
        }
      }
    }
  },
  "stepMemo": {
    "builder:assets:0": {
      "key": "daf7ed4431f01348b787bba70f80f84f9a50d5d9c77fecca5ea9e7c86d689b37",
      "reads": {
        ".": {
          "kind": "directory-exists"
        },
        ".config/curlrc": {
          "kind": "absent"
        },
        ".curlrc": {
          "kind": "absent"
        }
      },
      "outputSnapshot": "/nix/store/fcdjrlni2vhi6bc4rshd72bd9wgq37sp-cix-step-output",
      "changes": {
        "Caddyfile": {
          "kind": "present"
        }
      },
      "outputHashes": {
        "Caddyfile": {
          "content": "4e79d9daeaf07dbdac455070b4b5b67a36f0e0154022d72771d0b3b0ff142433"
        }
      }
    },
    "builder:assets:1": {
      "key": "3ede9d31230126df91baa31b192f4764b1a67e697034c39a9b528009ba6912b2",
      "reads": {
        ".": {
          "kind": "directory-exists"
        },
        ".config/curlrc": {
          "kind": "absent"
        },
        ".curlrc": {
          "kind": "absent"
        }
      },
      "outputSnapshot": "/nix/store/2jqfg17qd7m10l1swj10f44snxzff5d8-cix-step-output",
      "changes": {
        "index.html": {
          "kind": "present"
        }
      },
      "outputHashes": {
        "index.html": {
          "content": "5f72c1eabbf95bdc8508fbd6df04c48925195725a79a551d340bdcd9c3b52206"
        }
      }
    }
  },
  "devEnvs": {
    "3cda2cecc0a9b66e8aa82b1cd7b4077fe565b60be8463fce665ee196769c53a3:0bd19528d851bfbc2ece1ca19d4822fca3335421daee4ddcc6cca67550e4c12c": {
      "environment": {
        "SYSTEM_CERTIFICATE_PATH": "/nix/store/k7bij71h4wsgl7g18pbsdzxfnmanhnq2-nss-cacert-3.126/etc/ssl/certs/ca-bundle.crt",
        "XDG_DATA_DIRS": "/nix/store/bwry105g7v5jspr41bx9x3fcfqsmfkq2-bash-interactive-5.3p15/share:/nix/store/d0a0g5q9spi04dpz89n4wqnzv8synh73-curl-8.21.0-dev/share:/nix/store/m0nph6b8w876i1y5gpprmghi76fd06kk-brotli-1.2.0/share:/nix/store/qiwg67zp9w898zwr57g2lnhmhk0bifxa-krb5-1.22.2-lib/share:/nix/store/174ld31gjiv9k1gy4hnpjidrffwcwi6l-krb5-1.22.2/share:/nix/store/j30jxkm8hx4p7q3vpk946ljfc0rw43z4-nghttp2-1.69.0/share:/nix/store/alpmn3xfcx3ks489ryi261ws2m1ijlza-libidn2-2.3.8-bin/share:/nix/store/7svf4fa139ajvhfaxry3smvlbhrnraq1-libidn2-2.3.8/share:/nix/store/n1axb0xwihqfzijxmcna23rnw8h9c8s3-publicsuffix-list-0-unstable-2026-06-24/share:/nix/store/z5kci0gxs7yw3b6h341r10jsmkmvz2wq-libpsl-0.21.5/share:/nix/store/h4si9iyvqy1aaqy4piqw0pj2c6snmz69-zlib-1.3.2-dev/share:/nix/store/fkcbg2c1w29jr5yp9awai9w3v1wvxdk9-zlib-1.3.2/share:/nix/store/9nizcmvz2699nkrbzxx8xsp5d8jp686w-zstd-1.5.7/share:/nix/store/pzvcwi6y0vfmfpni6b52jwy9x6sj1yv1-patchelf-0.15.2/share"
      }
    }
  },
  "builderDevEnvs": {
    "assets": "3cda2cecc0a9b66e8aa82b1cd7b4077fe565b60be8463fce665ee196769c53a3:0bd19528d851bfbc2ece1ca19d4822fca3335421daee4ddcc6cca67550e4c12c"
  },
  "outputs": {
    "caddy": {
      "sourceHash": "9c10835f2ce04dd2f99b762282bc6f21a43c4f9314404a2e62fb643413c6725b",
      "storePath": "/nix/store/p5ccqzksw3qgnrhlmyw1pwrzv9qmdagr-cix-item-caddy"
    }
  }
}
