{
  "inputs": {
    "pkgs": {
      "url": "github:NixOS/nixpkgs/nixos-unstable",
      "rev": "e72e4f299401a3689d4b3d5fc6496b11db7064eb",
      "narHash": "sha256-8fsyqeO+mJqvIzeO4xIpgJe/f7MTbbVTEC6RT6WSXNs=",
      "lastModified": 1785828668
    }
  },
  "fetches": {
    "builder:upstream:2-98f9d79d6553": {
      "narHash": "sha256-84v+HnEZ/9AwHhsD3ZeZ4DuCgyrw8/LEL6PTxGwsUrY=",
      "snapshotNarHash": "sha256-84v+HnEZ/9AwHhsD3ZeZ4DuCgyrw8/LEL6PTxGwsUrY="
    },
    "builder:upstream:3-c2fa3ad48195": {
      "narHash": "sha256-rBR2z6KgBLjXqhqVUKjUsqCnrUaqoig+OGdPJK2f/XM=",
      "snapshotNarHash": "sha256-rBR2z6KgBLjXqhqVUKjUsqCnrUaqoig+OGdPJK2f/XM="
    },
    "builder:upstream:4-b0ddf94cba0c": {
      "narHash": "sha256-osNsyktm3O6Gcaihq7Ba6I+Ez4oTLEMNLea2mT3XnZo=",
      "snapshotNarHash": "sha256-osNsyktm3O6Gcaihq7Ba6I+Ez4oTLEMNLea2mT3XnZo="
    }
  },
  "memo": {
    "da24418eefd9f3aa2c5dde0bf4442bf9fda8d59092bda8488eed416aa3bef068": {
      "paths": {
        "output/bin/caddy": {
          "narHash": "sha256-3ACay3v8KX5fM+ie5ckTrXazo9czf95wCVUP36ptxcQ=",
          "storePath": "/nix/store/x2n3i8c0r4gyjap0vmffj23mmprxinz0-cix-build-consumed"
        },
        "output/etc/caddy/Caddyfile": {
          "narHash": "sha256-ixstwSlQcp0ljAMb8ReHfThhv903twdfRY3aO4r5euI=",
          "storePath": "/nix/store/nkv9dycks0l7jnvdy9mhbsldslzqki8a-cix-build-consumed"
        },
        "output/usr/share/caddy/index.html": {
          "narHash": "sha256-uJtnzo3Z27Iu2mG78VR4VvMZFcHkkEVRxc5ZJbQ3otg=",
          "storePath": "/nix/store/7nj3nasw8sp4q028rv5k6msnr5698jxp-cix-build-consumed"
        }
      }
    }
  },
  "stepMemo": {
    "builder:upstream:2": {
      "key": "a56c136cc390dd5055d66555b037c6085809d653bb4fc2c238ae379c40812afd",
      "reads": {
        ".": {
          "kind": "directory-exists"
        },
        ".config/curlrc": {
          "kind": "absent"
        },
        ".curlrc": {
          "kind": "absent"
        }
      },
      "outputSnapshot": "/nix/store/fcdjrlni2vhi6bc4rshd72bd9wgq37sp-cix-step-output",
      "changes": {
        "Caddyfile": {
          "kind": "present"
        }
      },
      "outputHashes": {
        "Caddyfile": {
          "content": "4e79d9daeaf07dbdac455070b4b5b67a36f0e0154022d72771d0b3b0ff142433"
        }
      }
    },
    "builder:upstream:3": {
      "key": "4d592413b3bc126ed24c1a3fd78904b24f38f39944c14d5530d6ce535983921a",
      "reads": {
        ".": {
          "kind": "directory-exists"
        },
        ".config/curlrc": {
          "kind": "absent"
        },
        ".curlrc": {
          "kind": "absent"
        }
      },
      "outputSnapshot": "/nix/store/2jqfg17qd7m10l1swj10f44snxzff5d8-cix-step-output",
      "changes": {
        "index.html": {
          "kind": "present"
        }
      },
      "outputHashes": {
        "index.html": {
          "content": "5f72c1eabbf95bdc8508fbd6df04c48925195725a79a551d340bdcd9c3b52206"
        }
      }
    },
    "builder:upstream:4": {
      "key": "2a1e7918eadca17b2dde5ef361c83293190116ace6a961826f60293e6b413260",
      "reads": {
        ".": {
          "kind": "directory-exists"
        },
        ".config/curlrc": {
          "kind": "absent"
        },
        ".curlrc": {
          "kind": "absent"
        }
      },
      "outputSnapshot": "/nix/store/26c31h0dk7159pwss6qchz11ld7j2p7m-cix-step-output",
      "changes": {
        "caddy.tar.gz": {
          "kind": "present"
        }
      },
      "outputHashes": {
        "caddy.tar.gz": {
          "content": "a841118fe910aa9f4cfa9169c1cbd7a901c3f6dd001991f96e810577f240aa91"
        }
      }
    },
    "builder:upstream:5": {
      "key": "dd9b3f4db67bb38fd2b3501a0efe71b50620c6b7ea3ea53a4f2c13dbf42e645c",
      "reads": {
        ".": {
          "kind": "directory-exists"
        },
        "Caddyfile": {
          "kind": "file",
          "hash": "a47217cd879b147a8d071d60f02dc71a85e8cb3d17a6cde638fe8624270b3507",
          "fingerprint": {
            "dev": 2307,
            "inode": 23362941,
            "mtimeNs": 367374557,
            "size": 769,
            "len": 769,
            "mode": 33188
          }
        },
        "caddy.tar.gz": {
          "kind": "file",
          "hash": "6ccd170bbb8c67d5cb5ae7e70079266c2b0f78adf27a4d113bc0338aa64e7b25",
          "fingerprint": {
            "dev": 2307,
            "inode": 23367863,
            "mtimeNs": 319710123,
            "size": 17238873,
            "len": 17238873,
            "mode": 33188
          }
        },
        "index.html": {
          "kind": "file",
          "hash": "bbd32c75043ee0ba71065681563bf23e59e0bdc6e43ccfa3e9e706c437e899a7",
          "fingerprint": {
            "dev": 2307,
            "inode": 23362942,
            "mtimeNs": 253243946,
            "size": 18753,
            "len": 18753,
            "mode": 33188
          }
        },
        "output/bin": {
          "kind": "directory-exists"
        },
        "output/data/data": {
          "kind": "absent"
        },
        "output/etc/caddy": {
          "kind": "directory-exists"
        },
        "output/etc/etc": {
          "kind": "absent"
        },
        "output/output": {
          "kind": "absent"
        },
        "output/usr/share/caddy": {
          "kind": "directory-exists"
        },
        "output/usr/share/share": {
          "kind": "absent"
        },
        "output/usr/usr": {
          "kind": "absent"
        }
      },
      "changes": {
        "output/bin": {
          "kind": "present"
        },
        "output/bin/caddy": {
          "kind": "present"
        },
        "output/config": {
          "kind": "present"
        },
        "output/config/caddy": {
          "kind": "present"
        },
        "output/data": {
          "kind": "present"
        },
        "output/data/caddy": {
          "kind": "present"
        },
        "output/etc": {
          "kind": "present"
        },
        "output/etc/caddy": {
          "kind": "present"
        },
        "output/etc/caddy/Caddyfile": {
          "kind": "present"
        },
        "output/usr": {
          "kind": "present"
        },
        "output/usr/share": {
          "kind": "present"
        },
        "output/usr/share/caddy": {
          "kind": "present"
        },
        "output/usr/share/caddy/index.html": {
          "kind": "present"
        }
      }
    }
  },
  "devEnvs": {
    "3cda2cecc0a9b66e8aa82b1cd7b4077fe565b60be8463fce665ee196769c53a3:27505dcc3766c206e663efc833aa983bf85ee98b13ef78617a0ca492ad318652": {
      "environment": {
        "SYSTEM_CERTIFICATE_PATH": "/nix/store/k7bij71h4wsgl7g18pbsdzxfnmanhnq2-nss-cacert-3.126/etc/ssl/certs/ca-bundle.crt",
        "XDG_DATA_DIRS": "/nix/store/bwry105g7v5jspr41bx9x3fcfqsmfkq2-bash-interactive-5.3p15/share:/nix/store/d0a0g5q9spi04dpz89n4wqnzv8synh73-curl-8.21.0-dev/share:/nix/store/m0nph6b8w876i1y5gpprmghi76fd06kk-brotli-1.2.0/share:/nix/store/qiwg67zp9w898zwr57g2lnhmhk0bifxa-krb5-1.22.2-lib/share:/nix/store/174ld31gjiv9k1gy4hnpjidrffwcwi6l-krb5-1.22.2/share:/nix/store/j30jxkm8hx4p7q3vpk946ljfc0rw43z4-nghttp2-1.69.0/share:/nix/store/alpmn3xfcx3ks489ryi261ws2m1ijlza-libidn2-2.3.8-bin/share:/nix/store/7svf4fa139ajvhfaxry3smvlbhrnraq1-libidn2-2.3.8/share:/nix/store/n1axb0xwihqfzijxmcna23rnw8h9c8s3-publicsuffix-list-0-unstable-2026-06-24/share:/nix/store/z5kci0gxs7yw3b6h341r10jsmkmvz2wq-libpsl-0.21.5/share:/nix/store/h4si9iyvqy1aaqy4piqw0pj2c6snmz69-zlib-1.3.2-dev/share:/nix/store/fkcbg2c1w29jr5yp9awai9w3v1wvxdk9-zlib-1.3.2/share:/nix/store/9nizcmvz2699nkrbzxx8xsp5d8jp686w-zstd-1.5.7/share:/nix/store/3cp4kw4376flmhlxxi4w2jkancv3irp8-gnutar-1.35/share:/nix/store/pzvcwi6y0vfmfpni6b52jwy9x6sj1yv1-patchelf-0.15.2/share"
      }
    }
  },
  "builderDevEnvs": {
    "upstream": "3cda2cecc0a9b66e8aa82b1cd7b4077fe565b60be8463fce665ee196769c53a3:27505dcc3766c206e663efc833aa983bf85ee98b13ef78617a0ca492ad318652"
  },
  "evalPlan": {
    "version": 1,
    "cixfileHash": "6eca704aa8e512dd2407bdbe3fb3c10297d5261664017eefdce6bd3a9f561d58",
    "skeleton": "v2:/usr/bin/env->/bin/env;x86_64:/lib64/ld-linux-x86-64.so.2->/lib/cix-loaders/ld-linux-x86-64.so.2,/lib/ld-musl-x86_64.so.1->/lib/cix-loaders/ld-musl-x86_64.so.1",
    "inputs": {
      "pkgs": {
        "url": "github:NixOS/nixpkgs/nixos-unstable",
        "kind": "package-universe",
        "overlays": []
      }
    },
    "topLevelFetchCount": 0,
    "builders": {
      "upstream": {
        "imports": [
          [
            {
              "kind": "package",
              "namespace": "pkgs",
              "attrpath": "bash"
            }
          ],
          [
            {
              "kind": "package",
              "namespace": "pkgs",
              "attrpath": "cacert"
            }
          ],
          [
            {
              "kind": "package",
              "namespace": "pkgs",
              "attrpath": "coreutils"
            }
          ],
          [
            {
              "kind": "package",
              "namespace": "pkgs",
              "attrpath": "curl"
            }
          ],
          [
            {
              "kind": "package",
              "namespace": "pkgs",
              "attrpath": "gnutar"
            }
          ],
          [
            {
              "kind": "package",
              "namespace": "pkgs",
              "attrpath": "gzip"
            }
          ]
        ],
        "environment": {
          "SYSTEM_CERTIFICATE_PATH": "/nix/store/k7bij71h4wsgl7g18pbsdzxfnmanhnq2-nss-cacert-3.126/etc/ssl/certs/ca-bundle.crt",
          "XDG_DATA_DIRS": "/nix/store/bwry105g7v5jspr41bx9x3fcfqsmfkq2-bash-interactive-5.3p15/share:/nix/store/d0a0g5q9spi04dpz89n4wqnzv8synh73-curl-8.21.0-dev/share:/nix/store/m0nph6b8w876i1y5gpprmghi76fd06kk-brotli-1.2.0/share:/nix/store/qiwg67zp9w898zwr57g2lnhmhk0bifxa-krb5-1.22.2-lib/share:/nix/store/174ld31gjiv9k1gy4hnpjidrffwcwi6l-krb5-1.22.2/share:/nix/store/j30jxkm8hx4p7q3vpk946ljfc0rw43z4-nghttp2-1.69.0/share:/nix/store/alpmn3xfcx3ks489ryi261ws2m1ijlza-libidn2-2.3.8-bin/share:/nix/store/7svf4fa139ajvhfaxry3smvlbhrnraq1-libidn2-2.3.8/share:/nix/store/n1axb0xwihqfzijxmcna23rnw8h9c8s3-publicsuffix-list-0-unstable-2026-06-24/share:/nix/store/z5kci0gxs7yw3b6h341r10jsmkmvz2wq-libpsl-0.21.5/share:/nix/store/h4si9iyvqy1aaqy4piqw0pj2c6snmz69-zlib-1.3.2-dev/share:/nix/store/fkcbg2c1w29jr5yp9awai9w3v1wvxdk9-zlib-1.3.2/share:/nix/store/9nizcmvz2699nkrbzxx8xsp5d8jp686w-zstd-1.5.7/share:/nix/store/3cp4kw4376flmhlxxi4w2jkancv3irp8-gnutar-1.35/share:/nix/store/pzvcwi6y0vfmfpni6b52jwy9x6sj1yv1-patchelf-0.15.2/share"
        },
        "steps": [
          {
            "kind": "env",
            "name": "CADDY_VERSION",
            "value": [
              {
                "kind": "literal",
                "value": "v2.11.4"
              }
            ],
            "line": 5
          },
          {
            "kind": "env",
            "name": "CADDY_ARCH",
            "value": [
              {
                "kind": "literal",
                "value": "amd64"
              }
            ],
            "line": 6
          },
          {
            "kind": "fetch",
            "command": [
              {
                "kind": "literal",
                "value": "curl --fail --location https://github.com/caddyserver/dist/raw/33ae08ff08d168572df2956ed14fbc4949880d94/config/Caddyfile --output Caddyfile"
              }
            ],
            "line": 7,
            "snapshotNarHash": "sha256-84v+HnEZ/9AwHhsD3ZeZ4DuCgyrw8/LEL6PTxGwsUrY="
          },
          {
            "kind": "fetch",
            "command": [
              {
                "kind": "literal",
                "value": "curl --fail --location https://github.com/caddyserver/dist/raw/33ae08ff08d168572df2956ed14fbc4949880d94/welcome/index.html --output index.html"
              }
            ],
            "line": 8,
            "snapshotNarHash": "sha256-rBR2z6KgBLjXqhqVUKjUsqCnrUaqoig+OGdPJK2f/XM="
          },
          {
            "kind": "fetch",
            "command": [
              {
                "kind": "literal",
                "value": "curl --fail --location https://github.com/caddyserver/caddy/releases/download/$CADDY_VERSION/caddy_2.11.4_linux_$CADDY_ARCH.tar.gz --output caddy.tar.gz"
              }
            ],
            "line": 9,
            "snapshotNarHash": "sha256-osNsyktm3O6Gcaihq7Ba6I+Ez4oTLEMNLea2mT3XnZo="
          },
          {
            "kind": "run",
            "command": [
              {
                "kind": "literal",
                "value": "echo '8220d1f013b6f27510247b2360c9e0ca9f018feebd82515f07635318b34ff9777ccc8fd0b6e6f2486ce3a33fe389fbb7db12d05baa474f4587509fb4f5ebf1c9  caddy.tar.gz' | sha512sum -c\nmkdir -p output/config/caddy output/data/caddy output/etc/caddy output/usr/share/caddy output/bin\nchmod 1777 output/config/caddy output/data/caddy\ntar xzf caddy.tar.gz --no-same-owner -C output/bin caddy\ncp Caddyfile output/etc/caddy/Caddyfile\ncp index.html output/usr/share/caddy/index.html\n"
              }
            ],
            "line": 10
          }
        ]
      }
    },
    "artifacts": {
      "caddy": {
        "kind": "service",
        "imports": [
          [
            {
              "kind": "package",
              "namespace": "pkgs",
              "attrpath": "cacert"
            }
          ]
        ],
        "copies": [
          {
            "src": [
              {
                "kind": "binder",
                "name": "upstream"
              },
              {
                "kind": "literal",
                "value": "/output/bin/caddy"
              }
            ],
            "dst": "bin/caddy",
            "mode": "link-normalized",
            "line": 21
          },
          {
            "src": [
              {
                "kind": "binder",
                "name": "upstream"
              },
              {
                "kind": "literal",
                "value": "/output/etc/caddy/Caddyfile"
              }
            ],
            "dst": "etc/caddy/Caddyfile",
            "mode": "link-normalized",
            "line": 22
          },
          {
            "src": [
              {
                "kind": "binder",
                "name": "upstream"
              },
              {
                "kind": "literal",
                "value": "/output/usr/share/caddy/index.html"
              }
            ],
            "dst": "usr/share/caddy/index.html",
            "mode": "link-normalized",
            "line": 23
          }
        ],
        "assembly": []
      }
    }
  },
  "outputs": {
    "caddy": {
      "sourceHash": "9f654378d0a80015b8c9ae9df166633f08c1e105d1934e456f50d849c36e13f9",
      "storePath": "/nix/store/9cxyg2hx2c44gp5xw2pqwqs8d9f0xi18-cix-item-caddy"
    }
  }
}
