{
  "inputs": {
    "pkgs": {
      "url": "github:NixOS/nixpkgs/nixos-unstable",
      "rev": "643809054d65fdd466a63e3155b8c498cb483c04",
      "narHash": "sha256-vUfIeBEfpbAfZ5zjgIkYk7eHBeVfCYVjLbWnMkseYnk=",
      "lastModified": 1785692966
    }
  },
  "outputs": {
    "nats": {
      "sourceHash": "ad51054cb86b53719f8690bf09daf4bbafe0ebab0914b25505d913ade7d35c84",
      "storePath": "/nix/store/sncljqjd4jgw8kvmf57m0f4j7qsqikyp-cix-item-nats"
    }
  }
}
