{
  "inputs": {
    "pkgs": {
      "url": "github:NixOS/nixpkgs/nixos-unstable",
      "rev": "e72e4f299401a3689d4b3d5fc6496b11db7064eb",
      "narHash": "sha256-8fsyqeO+mJqvIzeO4xIpgJe/f7MTbbVTEC6RT6WSXNs=",
      "lastModified": 1785828668
    }
  },
  "outputs": {
    "cleanup": {
      "sourceHash": "55ef790258451e6994f808d196ff6d27881a8b232f89bcb6b293fafcf24a2337",
      "storePath": "/nix/store/xvyx25a61w408dksz09jcyv7gmmy59xq-cix-item-cleanup"
    }
  }
}
