{
  "inputs": {
    "pkgs": {
      "url": "github:NixOS/nixpkgs/nixos-unstable",
      "rev": "643809054d65fdd466a63e3155b8c498cb483c04",
      "narHash": "sha256-vUfIeBEfpbAfZ5zjgIkYk7eHBeVfCYVjLbWnMkseYnk=",
      "lastModified": 1785692966
    }
  },
  "outputs": {
    "memcached": {
      "sourceHash": "7ac6a23d69b298713baee95ace10ed9aa0baf454617913c14e737c83f25fab2e",
      "storePath": "/nix/store/jipgr1jay2wx2d7dsw63nm6z9263jsm9-cix-item-memcached"
    }
  }
}
