{
  "inputs": {
    "pkgs": {
      "url": "github:NixOS/nixpkgs/nixos-unstable",
      "rev": "643809054d65fdd466a63e3155b8c498cb483c04",
      "narHash": "sha256-vUfIeBEfpbAfZ5zjgIkYk7eHBeVfCYVjLbWnMkseYnk=",
      "lastModified": 1785692966
    }
  },
  "outputs": {
    "renovate": {
      "sourceHash": "ef0f74d841ef2a864dd164057e33bc49d5fc55876b0595cd761201fc53c80eef",
      "storePath": "/nix/store/75bngsgl12n02dmlb6s4825prk3dh3ji-cix-item-renovate"
    }
  }
}
