{
  "inputs": {
    "pkgs": {
      "url": "github:NixOS/nixpkgs/nixos-unstable",
      "rev": "624af665418d3c65d544145b4d34ad696439570e",
      "narHash": "sha256-m0pDuRJG7EDo9ri+4Ksu83VsI+PlxNC9lNBfydejce4=",
      "lastModified": 1785967620
    }
  },
  "memo": {
    "8700e571a331f419b59ddd2e4224f89028c04f003539cc9c886a7b1fb0f67799": {
      "paths": {
        "result.txt": {
          "narHash": "sha256-HiDm3qTPXEDBWtZpBRsCWnV3V7wmrqGuLmSaG4gejnc=",
          "storePath": "/nix/store/77byp6s5ii6zvjgs4n518ni0c9rzgxqw-cix-build-consumed"
        }
      }
    }
  },
  "stepMemo": {
    "builder:build:0": {
      "key": "379869fe22074658e83644ed85beb94ef2f0a52a4504527ed0845159ae54415c",
      "reads": {
        ".": {
          "kind": "directory-exists"
        }
      },
      "changes": {
        "result.txt": {
          "kind": "present"
        }
      }
    }
  },
  "devEnvs": {
    "055f493356c0a150224a9ca97694f507f3a6c140bd1c5814338d235a4993e656:b9fc6a3ac9a2b4b55026336ab1ae05d2cc4d11c7cf5331052de480672391dc8b": {
      "environment": {
        "XDG_DATA_DIRS": "/nix/store/bwry105g7v5jspr41bx9x3fcfqsmfkq2-bash-interactive-5.3p15/share:/nix/store/qqiqd3ah10x8hzsif4j1y4xc1miw23nx-glibc-2.42-67/share:/nix/store/pzvcwi6y0vfmfpni6b52jwy9x6sj1yv1-patchelf-0.15.2/share"
      }
    }
  },
  "builderDevEnvs": {
    "build": "055f493356c0a150224a9ca97694f507f3a6c140bd1c5814338d235a4993e656:b9fc6a3ac9a2b4b55026336ab1ae05d2cc4d11c7cf5331052de480672391dc8b"
  },
  "evalPlan": {
    "version": 2,
    "cixfileHash": "1666de1120b0d05aec9130b060e10b48a5672cc4bf4a3454f3b3233c8c3f0165",
    "skeleton": "v2:/usr/bin/env->/bin/env;x86_64:/lib64/ld-linux-x86-64.so.2->/lib/cix-loaders/ld-linux-x86-64.so.2,/lib/ld-musl-x86_64.so.1->/lib/cix-loaders/ld-musl-x86_64.so.1",
    "inputs": {
      "pkgs": {
        "url": "github:NixOS/nixpkgs/nixos-unstable",
        "kind": "package-universe",
        "overlays": []
      }
    },
    "topLevelFetchCount": 0,
    "builders": {
      "build": {
        "imports": [
          [
            {
              "kind": "package",
              "namespace": "pkgs",
              "attrpath": "bash"
            }
          ],
          [
            {
              "kind": "package",
              "namespace": "pkgs",
              "attrpath": "coreutils"
            }
          ],
          [
            {
              "kind": "package",
              "namespace": "pkgs",
              "attrpath": "glibc"
            }
          ]
        ],
        "environment": {
          "XDG_DATA_DIRS": "/nix/store/bwry105g7v5jspr41bx9x3fcfqsmfkq2-bash-interactive-5.3p15/share:/nix/store/qqiqd3ah10x8hzsif4j1y4xc1miw23nx-glibc-2.42-67/share:/nix/store/pzvcwi6y0vfmfpni6b52jwy9x6sj1yv1-patchelf-0.15.2/share"
        },
        "steps": [
          {
            "kind": "run",
            "command": {
              "kind": "legacy",
              "command": [
                {
                  "kind": "literal",
                  "value": "printf 'must not replay through CIP-94\\n' > result.txt"
                }
              ]
            },
            "environment": {},
            "ignoredEvidence": [],
            "line": 5
          }
        ]
      }
    },
    "artifacts": {
      "fhs-boundary": {
        "kind": "item",
        "imports": [],
        "copies": [
          {
            "src": [
              {
                "kind": "binder",
                "name": "build"
              },
              {
                "kind": "literal",
                "value": "/result.txt"
              }
            ],
            "dst": "result.txt",
            "mode": "link-normalized",
            "line": 8
          }
        ],
        "assembly": []
      }
    }
  },
  "outputs": {
    "fhs-boundary": {
      "sourceHash": "97298309280dd9e6de86da41f75949df825783e52d2585cd266d04abf4118e28",
      "storePath": "/nix/store/pf302ywl873396likz3zr00jia6hac2s-cix-item-fhs-boundary"
    }
  }
}