{
  "inputs": {
    "pkgs": {
      "url": "github:NixOS/nixpkgs/nixos-unstable",
      "rev": "e72e4f299401a3689d4b3d5fc6496b11db7064eb",
      "narHash": "sha256-8fsyqeO+mJqvIzeO4xIpgJe/f7MTbbVTEC6RT6WSXNs=",
      "lastModified": 1785828668
    }
  },
  "evalPlan": {
    "version": 1,
    "cixfileHash": "c2435bc37f30e3f8a68ba763e9680a691e3bb754f1c2d47e56b0261f0c6f44b3",
    "skeleton": "v2:/usr/bin/env->/bin/env;x86_64:/lib64/ld-linux-x86-64.so.2->/lib/cix-loaders/ld-linux-x86-64.so.2,/lib/ld-musl-x86_64.so.1->/lib/cix-loaders/ld-musl-x86_64.so.1",
    "inputs": {
      "pkgs": {
        "url": "github:NixOS/nixpkgs/nixos-unstable",
        "kind": "package-universe",
        "overlays": []
      }
    },
    "topLevelFetchCount": 0,
    "builders": {},
    "artifacts": {
      "watchtower": {
        "kind": "service",
        "imports": [
          [
            {
              "kind": "package",
              "namespace": "pkgs",
              "attrpath": "glibc"
            }
          ],
          [
            {
              "kind": "package",
              "namespace": "pkgs",
              "attrpath": "cacert"
            }
          ],
          [
            {
              "kind": "package",
              "namespace": "pkgs",
              "attrpath": "tzdata"
            }
          ]
        ],
        "copies": [
          {
            "src": [
              {
                "kind": "literal",
                "value": "context/oryxBuildBinary"
              }
            ],
            "dst": "watchtower",
            "mode": "materialize",
            "line": 5
          },
          {
            "src": [
              {
                "kind": "package",
                "namespace": "pkgs",
                "attrpath": "cacert"
              },
              {
                "kind": "literal",
                "value": "/etc/ssl/certs/ca-bundle.crt"
              }
            ],
            "dst": "etc/ssl/certs/ca-certificates.crt",
            "mode": "link",
            "line": 6
          },
          {
            "src": [
              {
                "kind": "package",
                "namespace": "pkgs",
                "attrpath": "tzdata"
              },
              {
                "kind": "literal",
                "value": "/share/zoneinfo"
              }
            ],
            "dst": "usr/share/zoneinfo",
            "mode": "link",
            "line": 7
          }
        ],
        "assembly": []
      }
    }
  },
  "outputs": {
    "watchtower": {
      "sourceHash": "2328faf45aa12aa7032241b06a6a0061663782870c0205fc86e584703f214f60",
      "storePath": "/nix/store/p54rv14149jh8r2i5h677snc5786fgia-cix-item-watchtower"
    }
  }
}
